<?xml version="1.0" encoding="utf-8"?>
<Project ToolsVersion="4.0" xmlns="http://schemas.microsoft.com/developer/msbuild/2003">
  <ItemGroup>
    <Filter Include="Source Files">
      <UniqueIdentifier>{4FC737F1-C7A5-4376-A066-2A32D752A2FF}</UniqueIdentifier>
      <Extensions>cpp;c;cxx;def;odl;idl;hpj;bat;asm;asmx</Extensions>
    </Filter>
    <Filter Include="Header Files">
      <UniqueIdentifier>{93995380-89BD-4b04-88EB-625FBE52EBFB}</UniqueIdentifier>
      <Extensions>h;hpp;hxx;hm;inl;inc;xsd</Extensions>
    </Filter>
    <Filter Include="Resource Files">
      <UniqueIdentifier>{67DA6AB6-F800-4c08-8B7A-83BB121AAD01}</UniqueIdentifier>
      <Extensions>rc;ico;cur;bmp;dlg;rc2;rct;bin;rgs;gif;jpg;jpeg;jpe;resx</Extensions>
    </Filter>
    <Filter Include="Tests">
      <UniqueIdentifier>{4b87ff85-2ba4-475b-823e-af42e45a3098}</UniqueIdentifier>
    </Filter>
    <Filter Include="gtest">
      <UniqueIdentifier>{20eb57d2-cf08-44a2-b9e0-c7f267013211}</UniqueIdentifier>
    </Filter>
    <Filter Include="gtest\include">
      <UniqueIdentifier>{1a47bdcd-4e19-4980-8ce0-6bca0a1f05c7}</UniqueIdentifier>
    </Filter>
    <Filter Include="gtest\include\internal">
      <UniqueIdentifier>{a16e05ae-b552-4e79-920b-099f70b8e4e9}</UniqueIdentifier>
    </Filter>
  </ItemGroup>
  <ItemGroup>
    <ClCompile Include="..\..\..\Externals\gtest\src\gtest-all.cc">
      <Filter>gtest</Filter>
    </ClCompile>
    <ClCompile Include="..\..\..\Externals\gtest\src\gtest.cc">
      <Filter>gtest</Filter>
    </ClCompile>
    <ClCompile Include="..\..\..\Externals\gtest\src\gtest_main.cc">
      <Filter>gtest</Filter>
    </ClCompile>
    <ClCompile Include="..\..\..\Externals\gtest\src\gtest-death-test.cc">
      <Filter>gtest</Filter>
    </ClCompile>
    <ClCompile Include="..\..\..\Externals\gtest\src\gtest-filepath.cc">
      <Filter>gtest</Filter>
    </ClCompile>
    <ClCompile Include="..\..\..\Externals\gtest\src\gtest-port.cc">
      <Filter>gtest</Filter>
    </ClCompile>
    <ClCompile Include="..\..\..\Externals\gtest\src\gtest-printers.cc">
      <Filter>gtest</Filter>
    </ClCompile>
    <ClCompile Include="..\..\..\Externals\gtest\src\gtest-test-part.cc">
      <Filter>gtest</Filter>
    </ClCompile>
    <ClCompile Include="..\..\..\Externals\gtest\src\gtest-typed-test.cc">
      <Filter>gtest</Filter>
    </ClCompile>
    <ClCompile Include="test_main.cpp">
      <Filter>Tests</Filter>
    </ClCompile>
    <ClCompile Include="MainFrame.cpp">
      <Filter>Source Files</Filter>
    </ClCompile>
  </ItemGroup>
  <ItemGroup>
    <ClInclude Include="..\..\..\Externals\gtest\include\gtest\internal\gtest-string.h">
      <Filter>gtest\include\internal</Filter>
    </ClInclude>
    <ClInclude Include="..\..\..\Externals\gtest\include\gtest\internal\gtest-internal.h">
      <Filter>gtest\include\internal</Filter>
    </ClInclude>
    <ClInclude Include="..\..\..\Externals\gtest\include\gtest\internal\gtest-death-test-internal.h">
      <Filter>gtest\include\internal</Filter>
    </ClInclude>
    <ClInclude Include="..\..\..\Externals\gtest\include\gtest\internal\gtest-filepath.h">
      <Filter>gtest\include\internal</Filter>
    </ClInclude>
    <ClInclude Include="..\..\..\Externals\gtest\include\gtest\internal\gtest-linked_ptr.h">
      <Filter>gtest\include\internal</Filter>
    </ClInclude>
    <ClInclude Include="..\..\..\Externals\gtest\include\gtest\internal\gtest-param-util.h">
      <Filter>gtest\include\internal</Filter>
    </ClInclude>
    <ClInclude Include="..\..\..\Externals\gtest\include\gtest\internal\gtest-param-util-generated.h">
      <Filter>gtest\include\internal</Filter>
    </ClInclude>
    <ClInclude Include="..\..\..\Externals\gtest\include\gtest\internal\gtest-port.h">
      <Filter>gtest\include\internal</Filter>
    </ClInclude>
    <ClInclude Include="..\..\..\Externals\gtest\include\gtest\internal\gtest-tuple.h">
      <Filter>gtest\include\internal</Filter>
    </ClInclude>
    <ClInclude Include="..\..\..\Externals\gtest\include\gtest\internal\gtest-type-util.h">
      <Filter>gtest\include\internal</Filter>
    </ClInclude>
    <ClInclude Include="..\..\..\Externals\gtest\include\gtest\gtest.h">
      <Filter>gtest\include</Filter>
    </ClInclude>
    <ClInclude Include="..\..\..\Externals\gtest\include\gtest\gtest_pred_impl.h">
      <Filter>gtest\include</Filter>
    </ClInclude>
    <ClInclude Include="..\..\..\Externals\gtest\include\gtest\gtest_prod.h">
      <Filter>gtest\include</Filter>
    </ClInclude>
    <ClInclude Include="..\..\..\Externals\gtest\include\gtest\gtest-death-test.h">
      <Filter>gtest\include</Filter>
    </ClInclude>
    <ClInclude Include="..\..\..\Externals\gtest\include\gtest\gtest-message.h">
      <Filter>gtest\include</Filter>
    </ClInclude>
    <ClInclude Include="..\..\..\Externals\gtest\include\gtest\gtest-param-test.h">
      <Filter>gtest\include</Filter>
    </ClInclude>
    <ClInclude Include="..\..\..\Externals\gtest\include\gtest\gtest-printers.h">
      <Filter>gtest\include</Filter>
    </ClInclude>
    <ClInclude Include="..\..\..\Externals\gtest\include\gtest\gtest-spi.h">
      <Filter>gtest\include</Filter>
    </ClInclude>
    <ClInclude Include="..\..\..\Externals\gtest\include\gtest\gtest-test-part.h">
      <Filter>gtest\include</Filter>
    </ClInclude>
    <ClInclude Include="..\..\..\Externals\gtest\include\gtest\gtest-typed-test.h">
      <Filter>gtest\include</Filter>
    </ClInclude>
    <ClInclude Include="..\..\..\Externals\gtest\src\gtest-internal-inl.h">
      <Filter>gtest</Filter>
    </ClInclude>
  </ItemGroup>
</Project>