Microsoft Visual Studio Solution File, Format Version 12.00
# Visual Studio Version 17
VisualStudioVersion = 17.0.31903.59
MinimumVisualStudioVersion = 10.0.40219.1
Project("{8BC9CEB8-8B4A-11D0-8D11-00A0C91BC942}") = "WinMerge32BitPluginProxy", "WinMerge32BitPluginProxy.vcxproj", "{AF985E3F-14EE-420E-90FE-AAA844797D36}"
EndProject
Project("{8BC9CEB8-8B4A-11D0-8D11-00A0C91BC942}") = "WinMerge32BitPluginProxyPS", "WinMerge32BitPluginProxyPS.vcxproj", "{D490276C-363D-4996-B365-28A08877387C}"
	ProjectSection(ProjectDependencies) = postProject
		{AF985E3F-14EE-420E-90FE-AAA844797D36} = {AF985E3F-14EE-420E-90FE-AAA844797D36}
	EndProjectSection
EndProject
Global
	GlobalSection(SolutionConfigurationPlatforms) = preSolution
		Debug|x86 = Debug|x86
		Release|x86 = Release|x86
	EndGlobalSection
	GlobalSection(ProjectConfigurationPlatforms) = postSolution
		{AF985E3F-14EE-420E-90FE-AAA844797D36}.Debug|x86.ActiveCfg = Debug|Win32
		{AF985E3F-14EE-420E-90FE-AAA844797D36}.Debug|x86.Build.0 = Debug|Win32
		{AF985E3F-14EE-420E-90FE-AAA844797D36}.Release|x86.ActiveCfg = Release|Win32
		{AF985E3F-14EE-420E-90FE-AAA844797D36}.Release|x86.Build.0 = Release|Win32
		{D490276C-363D-4996-B365-28A08877387C}.Debug|x86.ActiveCfg = Debug|Win32
		{D490276C-363D-4996-B365-28A08877387C}.Release|x86.ActiveCfg = Release|Win32
	EndGlobalSection
	GlobalSection(SolutionProperties) = preSolution
		HideSolutionNode = FALSE
	EndGlobalSection
	GlobalSection(ExtensibilityGlobals) = postSolution
		SolutionGuid = {29BF41A2-3568-4340-B330-D0FE22D19F92}
	EndGlobalSection
EndGlobal
