Microsoft Visual Studio Solution File, Format Version 10.00
# Visual Studio 2008
Project("{8BC9CEB8-8B4A-11D0-8D11-00A0C91BC942}") = "Merge", "Src\MergeX64.vcproj", "{9FDA4AF0-CCFD-4812-BDB9-53EFEDB32BDE}"
	ProjectSection(ProjectDependencies) = postProject
		{D6B50065-7185-4E20-A499-E78276066E6F} = {D6B50065-7185-4E20-A499-E78276066E6F}
		{657F1CB0-7CBB-4479-A2C9-AE08D9DC30F1} = {657F1CB0-7CBB-4479-A2C9-AE08D9DC30F1}
		{D87729EA-38DF-4025-AA98-22F2438DF995} = {D87729EA-38DF-4025-AA98-22F2438DF995}
	EndProjectSection
EndProject
Project("{8BC9CEB8-8B4A-11D0-8D11-00A0C91BC942}") = "expat", "Externals\expat\lib\expatX64.vcproj", "{657F1CB0-7CBB-4479-A2C9-AE08D9DC30F1}"
EndProject
Project("{8BC9CEB8-8B4A-11D0-8D11-00A0C91BC942}") = "pcre", "Externals\pcre\Win32\pcreX64.vcproj", "{D6B50065-7185-4E20-A499-E78276066E6F}"
EndProject
Project("{8BC9CEB8-8B4A-11D0-8D11-00A0C91BC942}") = "scew", "Externals\scew\win32\scewX64.vcproj", "{D87729EA-38DF-4025-AA98-22F2438DF995}"
	ProjectSection(ProjectDependencies) = postProject
		{657F1CB0-7CBB-4479-A2C9-AE08D9DC30F1} = {657F1CB0-7CBB-4479-A2C9-AE08D9DC30F1}
	EndProjectSection
EndProject
Project("{8BC9CEB8-8B4A-11D0-8D11-00A0C91BC942}") = "MergeLang", "Src\MergeLangX64.vcproj", "{4B011DDA-2279-437D-903C-8028913AF31B}"
EndProject
Project("{8BC9CEB8-8B4A-11D0-8D11-00A0C91BC942}") = "heksedit", "Externals\heksedit\hekseditX64.vcproj", "{15EE10B9-011A-4781-ACBC-22F1CFEB5610}"
EndProject
Global
	GlobalSection(SolutionConfigurationPlatforms) = preSolution
		Debug Unicode|Win32 = Debug Unicode|Win32
		Debug Unicode|x64 = Debug Unicode|x64
		Debug|Win32 = Debug|Win32
		Debug|x64 = Debug|x64
		Release Unicode|Win32 = Release Unicode|Win32
		Release Unicode|x64 = Release Unicode|x64
		Release|Win32 = Release|Win32
		Release|x64 = Release|x64
	EndGlobalSection
	GlobalSection(ProjectConfigurationPlatforms) = postSolution
		{9FDA4AF0-CCFD-4812-BDB9-53EFEDB32BDE}.Debug Unicode|Win32.ActiveCfg = UnicodeDebug|Win32
		{9FDA4AF0-CCFD-4812-BDB9-53EFEDB32BDE}.Debug Unicode|Win32.Build.0 = UnicodeDebug|Win32
		{9FDA4AF0-CCFD-4812-BDB9-53EFEDB32BDE}.Debug Unicode|x64.ActiveCfg = UnicodeDebug|x64
		{9FDA4AF0-CCFD-4812-BDB9-53EFEDB32BDE}.Debug Unicode|x64.Build.0 = UnicodeDebug|x64
		{9FDA4AF0-CCFD-4812-BDB9-53EFEDB32BDE}.Debug|Win32.ActiveCfg = Debug|Win32
		{9FDA4AF0-CCFD-4812-BDB9-53EFEDB32BDE}.Debug|Win32.Build.0 = Debug|Win32
		{9FDA4AF0-CCFD-4812-BDB9-53EFEDB32BDE}.Debug|x64.ActiveCfg = Debug|x64
		{9FDA4AF0-CCFD-4812-BDB9-53EFEDB32BDE}.Debug|x64.Build.0 = Debug|x64
		{9FDA4AF0-CCFD-4812-BDB9-53EFEDB32BDE}.Release Unicode|Win32.ActiveCfg = UnicodeRelease|Win32
		{9FDA4AF0-CCFD-4812-BDB9-53EFEDB32BDE}.Release Unicode|Win32.Build.0 = UnicodeRelease|Win32
		{9FDA4AF0-CCFD-4812-BDB9-53EFEDB32BDE}.Release Unicode|x64.ActiveCfg = UnicodeRelease|x64
		{9FDA4AF0-CCFD-4812-BDB9-53EFEDB32BDE}.Release Unicode|x64.Build.0 = UnicodeRelease|x64
		{9FDA4AF0-CCFD-4812-BDB9-53EFEDB32BDE}.Release|Win32.ActiveCfg = Release|Win32
		{9FDA4AF0-CCFD-4812-BDB9-53EFEDB32BDE}.Release|Win32.Build.0 = Release|Win32
		{9FDA4AF0-CCFD-4812-BDB9-53EFEDB32BDE}.Release|x64.ActiveCfg = Release|x64
		{9FDA4AF0-CCFD-4812-BDB9-53EFEDB32BDE}.Release|x64.Build.0 = Release|x64
		{657F1CB0-7CBB-4479-A2C9-AE08D9DC30F1}.Debug Unicode|Win32.ActiveCfg = Debug|Win32
		{657F1CB0-7CBB-4479-A2C9-AE08D9DC30F1}.Debug Unicode|Win32.Build.0 = Debug|Win32
		{657F1CB0-7CBB-4479-A2C9-AE08D9DC30F1}.Debug Unicode|x64.ActiveCfg = Debug|x64
		{657F1CB0-7CBB-4479-A2C9-AE08D9DC30F1}.Debug Unicode|x64.Build.0 = Debug|x64
		{657F1CB0-7CBB-4479-A2C9-AE08D9DC30F1}.Debug|Win32.ActiveCfg = Debug|Win32
		{657F1CB0-7CBB-4479-A2C9-AE08D9DC30F1}.Debug|Win32.Build.0 = Debug|Win32
		{657F1CB0-7CBB-4479-A2C9-AE08D9DC30F1}.Debug|x64.ActiveCfg = Debug|x64
		{657F1CB0-7CBB-4479-A2C9-AE08D9DC30F1}.Debug|x64.Build.0 = Debug|x64
		{657F1CB0-7CBB-4479-A2C9-AE08D9DC30F1}.Release Unicode|Win32.ActiveCfg = Release|Win32
		{657F1CB0-7CBB-4479-A2C9-AE08D9DC30F1}.Release Unicode|Win32.Build.0 = Release|Win32
		{657F1CB0-7CBB-4479-A2C9-AE08D9DC30F1}.Release Unicode|x64.ActiveCfg = Release|x64
		{657F1CB0-7CBB-4479-A2C9-AE08D9DC30F1}.Release Unicode|x64.Build.0 = Release|x64
		{657F1CB0-7CBB-4479-A2C9-AE08D9DC30F1}.Release|Win32.ActiveCfg = Release|Win32
		{657F1CB0-7CBB-4479-A2C9-AE08D9DC30F1}.Release|Win32.Build.0 = Release|Win32
		{657F1CB0-7CBB-4479-A2C9-AE08D9DC30F1}.Release|x64.ActiveCfg = Release|x64
		{657F1CB0-7CBB-4479-A2C9-AE08D9DC30F1}.Release|x64.Build.0 = Release|x64
		{D6B50065-7185-4E20-A499-E78276066E6F}.Debug Unicode|Win32.ActiveCfg = Debug|Win32
		{D6B50065-7185-4E20-A499-E78276066E6F}.Debug Unicode|Win32.Build.0 = Debug|Win32
		{D6B50065-7185-4E20-A499-E78276066E6F}.Debug Unicode|x64.ActiveCfg = Debug|x64
		{D6B50065-7185-4E20-A499-E78276066E6F}.Debug Unicode|x64.Build.0 = Debug|x64
		{D6B50065-7185-4E20-A499-E78276066E6F}.Debug|Win32.ActiveCfg = Debug|Win32
		{D6B50065-7185-4E20-A499-E78276066E6F}.Debug|Win32.Build.0 = Debug|Win32
		{D6B50065-7185-4E20-A499-E78276066E6F}.Debug|x64.ActiveCfg = Debug|x64
		{D6B50065-7185-4E20-A499-E78276066E6F}.Debug|x64.Build.0 = Debug|x64
		{D6B50065-7185-4E20-A499-E78276066E6F}.Release Unicode|Win32.ActiveCfg = MinSizeRel|Win32
		{D6B50065-7185-4E20-A499-E78276066E6F}.Release Unicode|Win32.Build.0 = MinSizeRel|Win32
		{D6B50065-7185-4E20-A499-E78276066E6F}.Release Unicode|x64.ActiveCfg = MinSizeRel|x64
		{D6B50065-7185-4E20-A499-E78276066E6F}.Release Unicode|x64.Build.0 = MinSizeRel|x64
		{D6B50065-7185-4E20-A499-E78276066E6F}.Release|Win32.ActiveCfg = MinSizeRel|Win32
		{D6B50065-7185-4E20-A499-E78276066E6F}.Release|Win32.Build.0 = MinSizeRel|Win32
		{D6B50065-7185-4E20-A499-E78276066E6F}.Release|x64.ActiveCfg = MinSizeRel|x64
		{D6B50065-7185-4E20-A499-E78276066E6F}.Release|x64.Build.0 = MinSizeRel|x64
		{D87729EA-38DF-4025-AA98-22F2438DF995}.Debug Unicode|Win32.ActiveCfg = Debug|Win32
		{D87729EA-38DF-4025-AA98-22F2438DF995}.Debug Unicode|Win32.Build.0 = Debug|Win32
		{D87729EA-38DF-4025-AA98-22F2438DF995}.Debug Unicode|x64.ActiveCfg = Debug|x64
		{D87729EA-38DF-4025-AA98-22F2438DF995}.Debug Unicode|x64.Build.0 = Debug|x64
		{D87729EA-38DF-4025-AA98-22F2438DF995}.Debug|Win32.ActiveCfg = Debug|Win32
		{D87729EA-38DF-4025-AA98-22F2438DF995}.Debug|Win32.Build.0 = Debug|Win32
		{D87729EA-38DF-4025-AA98-22F2438DF995}.Debug|x64.ActiveCfg = Debug|x64
		{D87729EA-38DF-4025-AA98-22F2438DF995}.Debug|x64.Build.0 = Debug|x64
		{D87729EA-38DF-4025-AA98-22F2438DF995}.Release Unicode|Win32.ActiveCfg = Release|Win32
		{D87729EA-38DF-4025-AA98-22F2438DF995}.Release Unicode|Win32.Build.0 = Release|Win32
		{D87729EA-38DF-4025-AA98-22F2438DF995}.Release Unicode|x64.ActiveCfg = Release|x64
		{D87729EA-38DF-4025-AA98-22F2438DF995}.Release Unicode|x64.Build.0 = Release|x64
		{D87729EA-38DF-4025-AA98-22F2438DF995}.Release|Win32.ActiveCfg = Release|Win32
		{D87729EA-38DF-4025-AA98-22F2438DF995}.Release|Win32.Build.0 = Release|Win32
		{D87729EA-38DF-4025-AA98-22F2438DF995}.Release|x64.ActiveCfg = Release|x64
		{D87729EA-38DF-4025-AA98-22F2438DF995}.Release|x64.Build.0 = Release|x64
		{4B011DDA-2279-437D-903C-8028913AF31B}.Debug Unicode|Win32.ActiveCfg = UnicodeDebug|Win32
		{4B011DDA-2279-437D-903C-8028913AF31B}.Debug Unicode|Win32.Build.0 = UnicodeDebug|Win32
		{4B011DDA-2279-437D-903C-8028913AF31B}.Debug Unicode|x64.ActiveCfg = UnicodeDebug|x64
		{4B011DDA-2279-437D-903C-8028913AF31B}.Debug Unicode|x64.Build.0 = UnicodeDebug|x64
		{4B011DDA-2279-437D-903C-8028913AF31B}.Debug|Win32.ActiveCfg = Debug|Win32
		{4B011DDA-2279-437D-903C-8028913AF31B}.Debug|Win32.Build.0 = Debug|Win32
		{4B011DDA-2279-437D-903C-8028913AF31B}.Debug|x64.ActiveCfg = Debug|x64
		{4B011DDA-2279-437D-903C-8028913AF31B}.Debug|x64.Build.0 = Debug|x64
		{4B011DDA-2279-437D-903C-8028913AF31B}.Release Unicode|Win32.ActiveCfg = UnicodeRelease|Win32
		{4B011DDA-2279-437D-903C-8028913AF31B}.Release Unicode|Win32.Build.0 = UnicodeRelease|Win32
		{4B011DDA-2279-437D-903C-8028913AF31B}.Release Unicode|x64.ActiveCfg = UnicodeRelease|x64
		{4B011DDA-2279-437D-903C-8028913AF31B}.Release Unicode|x64.Build.0 = UnicodeRelease|x64
		{4B011DDA-2279-437D-903C-8028913AF31B}.Release|Win32.ActiveCfg = Release|Win32
		{4B011DDA-2279-437D-903C-8028913AF31B}.Release|Win32.Build.0 = Release|Win32
		{4B011DDA-2279-437D-903C-8028913AF31B}.Release|x64.ActiveCfg = Release|x64
		{4B011DDA-2279-437D-903C-8028913AF31B}.Release|x64.Build.0 = Release|x64
		{15EE10B9-011A-4781-ACBC-22F1CFEB5610}.Debug Unicode|Win32.ActiveCfg = Debug|Win32
		{15EE10B9-011A-4781-ACBC-22F1CFEB5610}.Debug Unicode|Win32.Build.0 = Debug|Win32
		{15EE10B9-011A-4781-ACBC-22F1CFEB5610}.Debug Unicode|x64.ActiveCfg = Debug|x64
		{15EE10B9-011A-4781-ACBC-22F1CFEB5610}.Debug Unicode|x64.Build.0 = Debug|x64
		{15EE10B9-011A-4781-ACBC-22F1CFEB5610}.Debug|Win32.ActiveCfg = Debug|Win32
		{15EE10B9-011A-4781-ACBC-22F1CFEB5610}.Debug|Win32.Build.0 = Debug|Win32
		{15EE10B9-011A-4781-ACBC-22F1CFEB5610}.Debug|x64.ActiveCfg = Debug|x64
		{15EE10B9-011A-4781-ACBC-22F1CFEB5610}.Debug|x64.Build.0 = Debug|x64
		{15EE10B9-011A-4781-ACBC-22F1CFEB5610}.Release Unicode|Win32.ActiveCfg = Release|Win32
		{15EE10B9-011A-4781-ACBC-22F1CFEB5610}.Release Unicode|Win32.Build.0 = Release|Win32
		{15EE10B9-011A-4781-ACBC-22F1CFEB5610}.Release Unicode|x64.ActiveCfg = Release|x64
		{15EE10B9-011A-4781-ACBC-22F1CFEB5610}.Release Unicode|x64.Build.0 = Release|x64
		{15EE10B9-011A-4781-ACBC-22F1CFEB5610}.Release|Win32.ActiveCfg = Release|Win32
		{15EE10B9-011A-4781-ACBC-22F1CFEB5610}.Release|Win32.Build.0 = Release|Win32
		{15EE10B9-011A-4781-ACBC-22F1CFEB5610}.Release|x64.ActiveCfg = Release|x64
		{15EE10B9-011A-4781-ACBC-22F1CFEB5610}.Release|x64.Build.0 = Release|x64
	EndGlobalSection
	GlobalSection(SolutionProperties) = preSolution
		HideSolutionNode = FALSE
	EndGlobalSection
EndGlobal
