Microsoft Visual Studio Solution File, Format Version 12.00
# Visual Studio Version 16
VisualStudioVersion = 16.0.28407.52
MinimumVisualStudioVersion = 10.0.40219.1
Project("{8BC9CEB8-8B4A-11D0-8D11-00A0C91BC942}") = "ShellExtension", "ShellExtension.vs2019.vcxproj", "{76A538A1-9D2C-49CB-AE9F-72548CE37F88}"
EndProject
Global
	GlobalSection(SolutionConfigurationPlatforms) = preSolution
		Unicode Debug|Win32 = Unicode Debug|Win32
		Unicode Debug|x64 = Unicode Debug|x64
		Unicode Release MinDependency|Win32 = Unicode Release MinDependency|Win32
		Unicode Release MinDependency|x64 = Unicode Release MinDependency|x64
	EndGlobalSection
	GlobalSection(ProjectConfigurationPlatforms) = postSolution
		{76A538A1-9D2C-49CB-AE9F-72548CE37F88}.Unicode Debug|Win32.ActiveCfg = Unicode Debug|Win32
		{76A538A1-9D2C-49CB-AE9F-72548CE37F88}.Unicode Debug|Win32.Build.0 = Unicode Debug|Win32
		{76A538A1-9D2C-49CB-AE9F-72548CE37F88}.Unicode Debug|x64.ActiveCfg = Unicode Debug|x64
		{76A538A1-9D2C-49CB-AE9F-72548CE37F88}.Unicode Debug|x64.Build.0 = Unicode Debug|x64
		{76A538A1-9D2C-49CB-AE9F-72548CE37F88}.Unicode Release MinDependency|Win32.ActiveCfg = Unicode Release MinDependency|Win32
		{76A538A1-9D2C-49CB-AE9F-72548CE37F88}.Unicode Release MinDependency|Win32.Build.0 = Unicode Release MinDependency|Win32
		{76A538A1-9D2C-49CB-AE9F-72548CE37F88}.Unicode Release MinDependency|x64.ActiveCfg = Unicode Release MinDependency|x64
		{76A538A1-9D2C-49CB-AE9F-72548CE37F88}.Unicode Release MinDependency|x64.Build.0 = Unicode Release MinDependency|x64
	EndGlobalSection
	GlobalSection(SolutionProperties) = preSolution
		HideSolutionNode = FALSE
	EndGlobalSection
EndGlobal
