Microsoft Visual Studio Solution File, Format Version 12.00
# Visual Studio Version 17
VisualStudioVersion = 17.0.31903.59
MinimumVisualStudioVersion = 10.0.40219.1
Project("{8BC9CEB8-8B4A-11D0-8D11-00A0C91BC942}") = "ShellExtension", "ShellExtension\ShellExtension.vcxproj", "{76A538A1-9D2C-49CB-AE9F-72548CE37F88}"
EndProject
Project("{2150E333-8FDC-42A3-9474-1A3956D46DE8}") = "WinMergePkg", "WinMergePkg", "{AD7D9F86-6CF2-43BB-B3E4-0FC222AECBFE}"
	ProjectSection(SolutionItems) = preProject
		WinMergePkg\AppxManifest.xml.in = WinMergePkg\AppxManifest.xml.in
	EndProjectSection
EndProject
Project("{8BC9CEB8-8B4A-11D0-8D11-00A0C91BC942}") = "WinMergeContextMenu", "WinMergeContextMenu\WinMergeContextMenu.vcxproj", "{16746B0C-5840-4ED4-AEDF-1ABB617827FD}"
EndProject
Project("{2150E333-8FDC-42A3-9474-1A3956D46DE8}") = "Scripts", "Scripts", "{8C870F7A-C681-4D1A-9B4A-B0B7D4A5AE35}"
	ProjectSection(SolutionItems) = preProject
		BuildArc.cmd = BuildArc.cmd
		BuildBin.vs2017.cmd = BuildBin.vs2017.cmd
		BuildBin.vs2019.cmd = BuildBin.vs2019.cmd
		CreateWinMergeContextMenuPackage.bat = CreateWinMergeContextMenuPackage.bat
		CreateWinMergeContextMenuPackage.ps1 = CreateWinMergeContextMenuPackage.ps1
		CreateWinMergeContextMenuSelfSignedPackage.bat = CreateWinMergeContextMenuSelfSignedPackage.bat
		Register.bat = Register.bat
		RegisterPerUser.bat = RegisterPerUser.bat
		RegisterWinMergeContextMenuPackage.bat = RegisterWinMergeContextMenuPackage.bat
		RegisterWinMergeContextMenuX64DebugPackage.bat = RegisterWinMergeContextMenuX64DebugPackage.bat
		SignShellExtension.bat = SignShellExtension.bat
		UnRegister.bat = UnRegister.bat
		UnRegisterPerUser.bat = UnRegisterPerUser.bat
		UnregisterWinMergeContextMenuPackage.bat = UnregisterWinMergeContextMenuPackage.bat
	EndProjectSection
EndProject
Global
	GlobalSection(SolutionConfigurationPlatforms) = preSolution
		Debug|ARM = Debug|ARM
		Debug|ARM64 = Debug|ARM64
		Debug|x64 = Debug|x64
		Debug|x86 = Debug|x86
		Release|ARM = Release|ARM
		Release|ARM64 = Release|ARM64
		Release|x64 = Release|x64
		Release|x86 = Release|x86
	EndGlobalSection
	GlobalSection(ProjectConfigurationPlatforms) = postSolution
		{76A538A1-9D2C-49CB-AE9F-72548CE37F88}.Debug|ARM.ActiveCfg = Debug|ARM
		{76A538A1-9D2C-49CB-AE9F-72548CE37F88}.Debug|ARM.Build.0 = Debug|ARM
		{76A538A1-9D2C-49CB-AE9F-72548CE37F88}.Debug|ARM64.ActiveCfg = Debug|ARM64
		{76A538A1-9D2C-49CB-AE9F-72548CE37F88}.Debug|ARM64.Build.0 = Debug|ARM64
		{76A538A1-9D2C-49CB-AE9F-72548CE37F88}.Debug|x64.ActiveCfg = Debug|x64
		{76A538A1-9D2C-49CB-AE9F-72548CE37F88}.Debug|x64.Build.0 = Debug|x64
		{76A538A1-9D2C-49CB-AE9F-72548CE37F88}.Debug|x86.ActiveCfg = Debug|Win32
		{76A538A1-9D2C-49CB-AE9F-72548CE37F88}.Debug|x86.Build.0 = Debug|Win32
		{76A538A1-9D2C-49CB-AE9F-72548CE37F88}.Release|ARM.ActiveCfg = Release|ARM
		{76A538A1-9D2C-49CB-AE9F-72548CE37F88}.Release|ARM.Build.0 = Release|ARM
		{76A538A1-9D2C-49CB-AE9F-72548CE37F88}.Release|ARM64.ActiveCfg = Release|ARM64
		{76A538A1-9D2C-49CB-AE9F-72548CE37F88}.Release|ARM64.Build.0 = Release|ARM64
		{76A538A1-9D2C-49CB-AE9F-72548CE37F88}.Release|x64.ActiveCfg = Release|x64
		{76A538A1-9D2C-49CB-AE9F-72548CE37F88}.Release|x64.Build.0 = Release|x64
		{76A538A1-9D2C-49CB-AE9F-72548CE37F88}.Release|x86.ActiveCfg = Release|Win32
		{76A538A1-9D2C-49CB-AE9F-72548CE37F88}.Release|x86.Build.0 = Release|Win32
		{16746B0C-5840-4ED4-AEDF-1ABB617827FD}.Debug|ARM.ActiveCfg = Debug|x64
		{16746B0C-5840-4ED4-AEDF-1ABB617827FD}.Debug|ARM64.ActiveCfg = Debug|ARM64
		{16746B0C-5840-4ED4-AEDF-1ABB617827FD}.Debug|ARM64.Build.0 = Debug|ARM64
		{16746B0C-5840-4ED4-AEDF-1ABB617827FD}.Debug|x64.ActiveCfg = Debug|x64
		{16746B0C-5840-4ED4-AEDF-1ABB617827FD}.Debug|x64.Build.0 = Debug|x64
		{16746B0C-5840-4ED4-AEDF-1ABB617827FD}.Debug|x86.ActiveCfg = Debug|x64
		{16746B0C-5840-4ED4-AEDF-1ABB617827FD}.Release|ARM.ActiveCfg = Release|x64
		{16746B0C-5840-4ED4-AEDF-1ABB617827FD}.Release|ARM64.ActiveCfg = Release|ARM64
		{16746B0C-5840-4ED4-AEDF-1ABB617827FD}.Release|ARM64.Build.0 = Release|ARM64
		{16746B0C-5840-4ED4-AEDF-1ABB617827FD}.Release|x64.ActiveCfg = Release|x64
		{16746B0C-5840-4ED4-AEDF-1ABB617827FD}.Release|x64.Build.0 = Release|x64
		{16746B0C-5840-4ED4-AEDF-1ABB617827FD}.Release|x86.ActiveCfg = Release|ARM64
	EndGlobalSection
	GlobalSection(SolutionProperties) = preSolution
		HideSolutionNode = FALSE
	EndGlobalSection
	GlobalSection(ExtensibilityGlobals) = postSolution
		SolutionGuid = {2706CA95-2283-4FEF-9D55-562C105676C1}
	EndGlobalSection
EndGlobal
