<?xml version="1.0" encoding="utf-8"?>
<Project ToolsVersion="4.0" xmlns="http://schemas.microsoft.com/developer/msbuild/2003">
  <ItemGroup>
    <ClCompile Include="dllmain.cpp" />
    <ClCompile Include="pch.cpp" />
    <ClCompile Include="..\Common\LanguageSelect.cpp">
      <Filter>Common</Filter>
    </ClCompile>
    <ClCompile Include="..\Common\RegKey.cpp">
      <Filter>Common</Filter>
    </ClCompile>
    <ClCompile Include="..\Common\UnicodeString.cpp">
      <Filter>Common</Filter>
    </ClCompile>
    <ClCompile Include="..\Common\WinMergeContextMenu.cpp">
      <Filter>Common</Filter>
    </ClCompile>
  </ItemGroup>
  <ItemGroup>
    <ClInclude Include="framework.h" />
    <ClInclude Include="pch.h" />
    <ClInclude Include="..\Common\LanguageSelect.h">
      <Filter>Common</Filter>
    </ClInclude>
    <ClInclude Include="..\Common\RegKey.h">
      <Filter>Common</Filter>
    </ClInclude>
    <ClInclude Include="..\Common\UnicodeString.h">
      <Filter>Common</Filter>
    </ClInclude>
    <ClInclude Include="..\Common\WinMergeContextMenu.h">
      <Filter>Common</Filter>
    </ClInclude>
    <ClInclude Include="resource.h">
      <Filter>Resource Files</Filter>
    </ClInclude>
  </ItemGroup>
  <ItemGroup>
    <Filter Include="Resource Files">
      <UniqueIdentifier>{de172a05-f54c-451d-853e-14a7a6cb7cd5}</UniqueIdentifier>
    </Filter>
    <Filter Include="Common">
      <UniqueIdentifier>{b0354d5d-0c3b-4ffd-9a24-593c908d947a}</UniqueIdentifier>
    </Filter>
  </ItemGroup>
  <ItemGroup>
    <Image Include="..\Resources\WinMerge.ico">
      <Filter>Resource Files</Filter>
    </Image>
    <Image Include="..\Resources\WinMergeDir.ico">
      <Filter>Resource Files</Filter>
    </Image>
  </ItemGroup>
  <ItemGroup>
    <ResourceCompile Include="WinMergeContextMenu.rc">
      <Filter>Resource Files</Filter>
    </ResourceCompile>
  </ItemGroup>
</Project>