Microsoft Visual Studio Solution File, Format Version 12.00
# Visual Studio 15
VisualStudioVersion = 15.0.27130.0
MinimumVisualStudioVersion = 10.0.40219.1
Project("{8BC9CEB8-8B4A-11D0-8D11-00A0C91BC942}") = "IgnoreColumns", "IgnoreColumns\IgnoreColumns.vs2017.vcxproj", "{A644FBA4-D76E-4500-B4B7-04D7A245359A}"
EndProject
Project("{8BC9CEB8-8B4A-11D0-8D11-00A0C91BC942}") = "IgnoreFieldsComma", "IgnoreFieldsComma\IgnoreFieldsComma.vs2017.vcxproj", "{098B241D-63AF-4683-BAF8-6DA57FD8FE75}"
EndProject
Project("{8BC9CEB8-8B4A-11D0-8D11-00A0C91BC942}") = "IgnoreCommentsC", "IgnoreCommentsC\IgnoreCommentsC.vs2017.vcxproj", "{32000226-A923-40A5-B60A-6C4402869C43}"
EndProject
Project("{8BC9CEB8-8B4A-11D0-8D11-00A0C91BC942}") = "IgnoreFieldsTab", "IgnoreFieldsTab\IgnoreFieldsTab.vs2017.vcxproj", "{AA88B46E-B2E2-4B03-8CD5-1E9D60DB6AB2}"
EndProject
Project("{8BC9CEB8-8B4A-11D0-8D11-00A0C91BC942}") = "DisplayXMLFiles", "DisplayXMLFiles\DisplayXMLFiles.vs2017.vcxproj", "{BD0C5FE1-8457-49C2-8801-0C99A6E6CC03}"
EndProject
Project("{8BC9CEB8-8B4A-11D0-8D11-00A0C91BC942}") = "HideFirstLetter", "HideFirstLetter\HideFirstLetter.vs2017.vcxproj", "{78ABD31C-70A2-4608-8A3D-506E1E2C0AFE}"
EndProject
Project("{8BC9CEB8-8B4A-11D0-8D11-00A0C91BC942}") = "EditBinaryFiles", "EditBinaryFiles\EditBinaryFiles.vs2017.vcxproj", "{0EE652FF-27B0-4F91-BAD6-2931BC072762}"
EndProject
Project("{8BC9CEB8-8B4A-11D0-8D11-00A0C91BC942}") = "DisplayBinaryFiles", "DisplayBinaryFiles\DisplayBinaryFiles.vs2017.vcxproj", "{6877DE2D-4ABA-49B0-858D-7D9A9F92945C}"
EndProject
Project("{8BC9CEB8-8B4A-11D0-8D11-00A0C91BC942}") = "WatchBeginningOfLog", "WatchBeginningOfLog\WatchBeginningOfLog.vs2017.vcxproj", "{A948A08A-3AF4-4860-8D13-8C425E56806F}"
EndProject
Project("{8BC9CEB8-8B4A-11D0-8D11-00A0C91BC942}") = "WatchEndOfLog", "WatchEndOfLog\WatchEndOfLog.vs2017.vcxproj", "{4A3F0C35-6B6D-44B3-84FD-7E2168398361}"
EndProject
Global
	GlobalSection(SolutionConfigurationPlatforms) = preSolution
		Debug|Win32 = Debug|Win32
		Debug|x64 = Debug|x64
		Release MinDependency|Win32 = Release MinDependency|Win32
		Release MinDependency|x64 = Release MinDependency|x64
		Release|Win32 = Release|Win32
		Release|x64 = Release|x64
		Unicode Debug|Win32 = Unicode Debug|Win32
		Unicode Debug|x64 = Unicode Debug|x64
		Unicode Release MinDependency|Win32 = Unicode Release MinDependency|Win32
		Unicode Release MinDependency|x64 = Unicode Release MinDependency|x64
	EndGlobalSection
	GlobalSection(ProjectConfigurationPlatforms) = postSolution
		{A644FBA4-D76E-4500-B4B7-04D7A245359A}.Debug|Win32.ActiveCfg = Debug|Win32
		{A644FBA4-D76E-4500-B4B7-04D7A245359A}.Debug|Win32.Build.0 = Debug|Win32
		{A644FBA4-D76E-4500-B4B7-04D7A245359A}.Debug|x64.ActiveCfg = Debug|x64
		{A644FBA4-D76E-4500-B4B7-04D7A245359A}.Debug|x64.Build.0 = Debug|x64
		{A644FBA4-D76E-4500-B4B7-04D7A245359A}.Release MinDependency|Win32.ActiveCfg = Release MinDependency|Win32
		{A644FBA4-D76E-4500-B4B7-04D7A245359A}.Release MinDependency|Win32.Build.0 = Release MinDependency|Win32
		{A644FBA4-D76E-4500-B4B7-04D7A245359A}.Release MinDependency|x64.ActiveCfg = Release MinDependency|x64
		{A644FBA4-D76E-4500-B4B7-04D7A245359A}.Release MinDependency|x64.Build.0 = Release MinDependency|x64
		{A644FBA4-D76E-4500-B4B7-04D7A245359A}.Release|Win32.ActiveCfg = Release MinSize|x64
		{A644FBA4-D76E-4500-B4B7-04D7A245359A}.Release|x64.ActiveCfg = Release MinSize|x64
		{A644FBA4-D76E-4500-B4B7-04D7A245359A}.Release|x64.Build.0 = Release MinSize|x64
		{A644FBA4-D76E-4500-B4B7-04D7A245359A}.Unicode Debug|Win32.ActiveCfg = Unicode Debug|Win32
		{A644FBA4-D76E-4500-B4B7-04D7A245359A}.Unicode Debug|Win32.Build.0 = Unicode Debug|Win32
		{A644FBA4-D76E-4500-B4B7-04D7A245359A}.Unicode Debug|x64.ActiveCfg = Unicode Debug|x64
		{A644FBA4-D76E-4500-B4B7-04D7A245359A}.Unicode Debug|x64.Build.0 = Unicode Debug|x64
		{A644FBA4-D76E-4500-B4B7-04D7A245359A}.Unicode Release MinDependency|Win32.ActiveCfg = Unicode Release MinDependency|Win32
		{A644FBA4-D76E-4500-B4B7-04D7A245359A}.Unicode Release MinDependency|Win32.Build.0 = Unicode Release MinDependency|Win32
		{A644FBA4-D76E-4500-B4B7-04D7A245359A}.Unicode Release MinDependency|x64.ActiveCfg = Unicode Release MinDependency|x64
		{A644FBA4-D76E-4500-B4B7-04D7A245359A}.Unicode Release MinDependency|x64.Build.0 = Unicode Release MinDependency|x64
		{098B241D-63AF-4683-BAF8-6DA57FD8FE75}.Debug|Win32.ActiveCfg = Debug|Win32
		{098B241D-63AF-4683-BAF8-6DA57FD8FE75}.Debug|Win32.Build.0 = Debug|Win32
		{098B241D-63AF-4683-BAF8-6DA57FD8FE75}.Debug|x64.ActiveCfg = Debug|x64
		{098B241D-63AF-4683-BAF8-6DA57FD8FE75}.Debug|x64.Build.0 = Debug|x64
		{098B241D-63AF-4683-BAF8-6DA57FD8FE75}.Release MinDependency|Win32.ActiveCfg = Release MinDependency|Win32
		{098B241D-63AF-4683-BAF8-6DA57FD8FE75}.Release MinDependency|Win32.Build.0 = Release MinDependency|Win32
		{098B241D-63AF-4683-BAF8-6DA57FD8FE75}.Release MinDependency|x64.ActiveCfg = Release MinDependency|x64
		{098B241D-63AF-4683-BAF8-6DA57FD8FE75}.Release MinDependency|x64.Build.0 = Release MinDependency|x64
		{098B241D-63AF-4683-BAF8-6DA57FD8FE75}.Release|Win32.ActiveCfg = Release MinDependency|x64
		{098B241D-63AF-4683-BAF8-6DA57FD8FE75}.Release|x64.ActiveCfg = Release MinDependency|x64
		{098B241D-63AF-4683-BAF8-6DA57FD8FE75}.Release|x64.Build.0 = Release MinDependency|x64
		{098B241D-63AF-4683-BAF8-6DA57FD8FE75}.Unicode Debug|Win32.ActiveCfg = Unicode Debug|Win32
		{098B241D-63AF-4683-BAF8-6DA57FD8FE75}.Unicode Debug|Win32.Build.0 = Unicode Debug|Win32
		{098B241D-63AF-4683-BAF8-6DA57FD8FE75}.Unicode Debug|x64.ActiveCfg = Unicode Debug|x64
		{098B241D-63AF-4683-BAF8-6DA57FD8FE75}.Unicode Debug|x64.Build.0 = Unicode Debug|x64
		{098B241D-63AF-4683-BAF8-6DA57FD8FE75}.Unicode Release MinDependency|Win32.ActiveCfg = Unicode Release MinDependency|Win32
		{098B241D-63AF-4683-BAF8-6DA57FD8FE75}.Unicode Release MinDependency|Win32.Build.0 = Unicode Release MinDependency|Win32
		{098B241D-63AF-4683-BAF8-6DA57FD8FE75}.Unicode Release MinDependency|x64.ActiveCfg = Unicode Release MinDependency|x64
		{098B241D-63AF-4683-BAF8-6DA57FD8FE75}.Unicode Release MinDependency|x64.Build.0 = Unicode Release MinDependency|x64
		{32000226-A923-40A5-B60A-6C4402869C43}.Debug|Win32.ActiveCfg = Debug|Win32
		{32000226-A923-40A5-B60A-6C4402869C43}.Debug|Win32.Build.0 = Debug|Win32
		{32000226-A923-40A5-B60A-6C4402869C43}.Debug|x64.ActiveCfg = Debug|x64
		{32000226-A923-40A5-B60A-6C4402869C43}.Debug|x64.Build.0 = Debug|x64
		{32000226-A923-40A5-B60A-6C4402869C43}.Release MinDependency|Win32.ActiveCfg = Release MinDependency|Win32
		{32000226-A923-40A5-B60A-6C4402869C43}.Release MinDependency|Win32.Build.0 = Release MinDependency|Win32
		{32000226-A923-40A5-B60A-6C4402869C43}.Release MinDependency|x64.ActiveCfg = Release MinDependency|x64
		{32000226-A923-40A5-B60A-6C4402869C43}.Release MinDependency|x64.Build.0 = Release MinDependency|x64
		{32000226-A923-40A5-B60A-6C4402869C43}.Release|Win32.ActiveCfg = Release MinSize|x64
		{32000226-A923-40A5-B60A-6C4402869C43}.Release|x64.ActiveCfg = Release MinSize|x64
		{32000226-A923-40A5-B60A-6C4402869C43}.Release|x64.Build.0 = Release MinSize|x64
		{32000226-A923-40A5-B60A-6C4402869C43}.Unicode Debug|Win32.ActiveCfg = Unicode Debug|Win32
		{32000226-A923-40A5-B60A-6C4402869C43}.Unicode Debug|Win32.Build.0 = Unicode Debug|Win32
		{32000226-A923-40A5-B60A-6C4402869C43}.Unicode Debug|x64.ActiveCfg = Unicode Debug|x64
		{32000226-A923-40A5-B60A-6C4402869C43}.Unicode Debug|x64.Build.0 = Unicode Debug|x64
		{32000226-A923-40A5-B60A-6C4402869C43}.Unicode Release MinDependency|Win32.ActiveCfg = Unicode Release MinDependency|Win32
		{32000226-A923-40A5-B60A-6C4402869C43}.Unicode Release MinDependency|Win32.Build.0 = Unicode Release MinDependency|Win32
		{32000226-A923-40A5-B60A-6C4402869C43}.Unicode Release MinDependency|x64.ActiveCfg = Unicode Release MinDependency|x64
		{32000226-A923-40A5-B60A-6C4402869C43}.Unicode Release MinDependency|x64.Build.0 = Unicode Release MinDependency|x64
		{AA88B46E-B2E2-4B03-8CD5-1E9D60DB6AB2}.Debug|Win32.ActiveCfg = Debug|Win32
		{AA88B46E-B2E2-4B03-8CD5-1E9D60DB6AB2}.Debug|Win32.Build.0 = Debug|Win32
		{AA88B46E-B2E2-4B03-8CD5-1E9D60DB6AB2}.Debug|x64.ActiveCfg = Debug|x64
		{AA88B46E-B2E2-4B03-8CD5-1E9D60DB6AB2}.Debug|x64.Build.0 = Debug|x64
		{AA88B46E-B2E2-4B03-8CD5-1E9D60DB6AB2}.Release MinDependency|Win32.ActiveCfg = Release MinDependency|Win32
		{AA88B46E-B2E2-4B03-8CD5-1E9D60DB6AB2}.Release MinDependency|Win32.Build.0 = Release MinDependency|Win32
		{AA88B46E-B2E2-4B03-8CD5-1E9D60DB6AB2}.Release MinDependency|x64.ActiveCfg = Release MinDependency|x64
		{AA88B46E-B2E2-4B03-8CD5-1E9D60DB6AB2}.Release MinDependency|x64.Build.0 = Release MinDependency|x64
		{AA88B46E-B2E2-4B03-8CD5-1E9D60DB6AB2}.Release|Win32.ActiveCfg = Release MinDependency|x64
		{AA88B46E-B2E2-4B03-8CD5-1E9D60DB6AB2}.Release|x64.ActiveCfg = Release MinDependency|x64
		{AA88B46E-B2E2-4B03-8CD5-1E9D60DB6AB2}.Release|x64.Build.0 = Release MinDependency|x64
		{AA88B46E-B2E2-4B03-8CD5-1E9D60DB6AB2}.Unicode Debug|Win32.ActiveCfg = Unicode Debug|Win32
		{AA88B46E-B2E2-4B03-8CD5-1E9D60DB6AB2}.Unicode Debug|Win32.Build.0 = Unicode Debug|Win32
		{AA88B46E-B2E2-4B03-8CD5-1E9D60DB6AB2}.Unicode Debug|x64.ActiveCfg = Unicode Debug|x64
		{AA88B46E-B2E2-4B03-8CD5-1E9D60DB6AB2}.Unicode Debug|x64.Build.0 = Unicode Debug|x64
		{AA88B46E-B2E2-4B03-8CD5-1E9D60DB6AB2}.Unicode Release MinDependency|Win32.ActiveCfg = Unicode Release MinDependency|Win32
		{AA88B46E-B2E2-4B03-8CD5-1E9D60DB6AB2}.Unicode Release MinDependency|Win32.Build.0 = Unicode Release MinDependency|Win32
		{AA88B46E-B2E2-4B03-8CD5-1E9D60DB6AB2}.Unicode Release MinDependency|x64.ActiveCfg = Unicode Release MinDependency|x64
		{AA88B46E-B2E2-4B03-8CD5-1E9D60DB6AB2}.Unicode Release MinDependency|x64.Build.0 = Unicode Release MinDependency|x64
		{BD0C5FE1-8457-49C2-8801-0C99A6E6CC03}.Debug|Win32.ActiveCfg = Debug|Win32
		{BD0C5FE1-8457-49C2-8801-0C99A6E6CC03}.Debug|Win32.Build.0 = Debug|Win32
		{BD0C5FE1-8457-49C2-8801-0C99A6E6CC03}.Debug|x64.ActiveCfg = Debug|x64
		{BD0C5FE1-8457-49C2-8801-0C99A6E6CC03}.Debug|x64.Build.0 = Debug|x64
		{BD0C5FE1-8457-49C2-8801-0C99A6E6CC03}.Release MinDependency|Win32.ActiveCfg = Release MinDependency|Win32
		{BD0C5FE1-8457-49C2-8801-0C99A6E6CC03}.Release MinDependency|Win32.Build.0 = Release MinDependency|Win32
		{BD0C5FE1-8457-49C2-8801-0C99A6E6CC03}.Release MinDependency|x64.ActiveCfg = Release MinDependency|x64
		{BD0C5FE1-8457-49C2-8801-0C99A6E6CC03}.Release MinDependency|x64.Build.0 = Release MinDependency|x64
		{BD0C5FE1-8457-49C2-8801-0C99A6E6CC03}.Release|Win32.ActiveCfg = Release MinSize|x64
		{BD0C5FE1-8457-49C2-8801-0C99A6E6CC03}.Release|x64.ActiveCfg = Release MinSize|x64
		{BD0C5FE1-8457-49C2-8801-0C99A6E6CC03}.Release|x64.Build.0 = Release MinSize|x64
		{BD0C5FE1-8457-49C2-8801-0C99A6E6CC03}.Unicode Debug|Win32.ActiveCfg = Unicode Debug|Win32
		{BD0C5FE1-8457-49C2-8801-0C99A6E6CC03}.Unicode Debug|Win32.Build.0 = Unicode Debug|Win32
		{BD0C5FE1-8457-49C2-8801-0C99A6E6CC03}.Unicode Debug|x64.ActiveCfg = Unicode Debug|x64
		{BD0C5FE1-8457-49C2-8801-0C99A6E6CC03}.Unicode Debug|x64.Build.0 = Unicode Debug|x64
		{BD0C5FE1-8457-49C2-8801-0C99A6E6CC03}.Unicode Release MinDependency|Win32.ActiveCfg = Unicode Release MinDependency|Win32
		{BD0C5FE1-8457-49C2-8801-0C99A6E6CC03}.Unicode Release MinDependency|Win32.Build.0 = Unicode Release MinDependency|Win32
		{BD0C5FE1-8457-49C2-8801-0C99A6E6CC03}.Unicode Release MinDependency|x64.ActiveCfg = Unicode Release MinDependency|x64
		{BD0C5FE1-8457-49C2-8801-0C99A6E6CC03}.Unicode Release MinDependency|x64.Build.0 = Unicode Release MinDependency|x64
		{78ABD31C-70A2-4608-8A3D-506E1E2C0AFE}.Debug|Win32.ActiveCfg = Debug|Win32
		{78ABD31C-70A2-4608-8A3D-506E1E2C0AFE}.Debug|Win32.Build.0 = Debug|Win32
		{78ABD31C-70A2-4608-8A3D-506E1E2C0AFE}.Debug|x64.ActiveCfg = Debug|x64
		{78ABD31C-70A2-4608-8A3D-506E1E2C0AFE}.Debug|x64.Build.0 = Debug|x64
		{78ABD31C-70A2-4608-8A3D-506E1E2C0AFE}.Release MinDependency|Win32.ActiveCfg = Release MinDependency|Win32
		{78ABD31C-70A2-4608-8A3D-506E1E2C0AFE}.Release MinDependency|Win32.Build.0 = Release MinDependency|Win32
		{78ABD31C-70A2-4608-8A3D-506E1E2C0AFE}.Release MinDependency|x64.ActiveCfg = Release MinDependency|x64
		{78ABD31C-70A2-4608-8A3D-506E1E2C0AFE}.Release MinDependency|x64.Build.0 = Release MinDependency|x64
		{78ABD31C-70A2-4608-8A3D-506E1E2C0AFE}.Release|Win32.ActiveCfg = Release MinSize|x64
		{78ABD31C-70A2-4608-8A3D-506E1E2C0AFE}.Release|x64.ActiveCfg = Release MinSize|x64
		{78ABD31C-70A2-4608-8A3D-506E1E2C0AFE}.Release|x64.Build.0 = Release MinSize|x64
		{78ABD31C-70A2-4608-8A3D-506E1E2C0AFE}.Unicode Debug|Win32.ActiveCfg = Unicode Debug|Win32
		{78ABD31C-70A2-4608-8A3D-506E1E2C0AFE}.Unicode Debug|Win32.Build.0 = Unicode Debug|Win32
		{78ABD31C-70A2-4608-8A3D-506E1E2C0AFE}.Unicode Debug|x64.ActiveCfg = Unicode Debug|x64
		{78ABD31C-70A2-4608-8A3D-506E1E2C0AFE}.Unicode Debug|x64.Build.0 = Unicode Debug|x64
		{78ABD31C-70A2-4608-8A3D-506E1E2C0AFE}.Unicode Release MinDependency|Win32.ActiveCfg = Unicode Release MinDependency|Win32
		{78ABD31C-70A2-4608-8A3D-506E1E2C0AFE}.Unicode Release MinDependency|Win32.Build.0 = Unicode Release MinDependency|Win32
		{78ABD31C-70A2-4608-8A3D-506E1E2C0AFE}.Unicode Release MinDependency|x64.ActiveCfg = Unicode Release MinDependency|x64
		{78ABD31C-70A2-4608-8A3D-506E1E2C0AFE}.Unicode Release MinDependency|x64.Build.0 = Unicode Release MinDependency|x64
		{0EE652FF-27B0-4F91-BAD6-2931BC072762}.Debug|Win32.ActiveCfg = Debug|Win32
		{0EE652FF-27B0-4F91-BAD6-2931BC072762}.Debug|Win32.Build.0 = Debug|Win32
		{0EE652FF-27B0-4F91-BAD6-2931BC072762}.Debug|x64.ActiveCfg = Debug|x64
		{0EE652FF-27B0-4F91-BAD6-2931BC072762}.Debug|x64.Build.0 = Debug|x64
		{0EE652FF-27B0-4F91-BAD6-2931BC072762}.Release MinDependency|Win32.ActiveCfg = Release MinDependency|Win32
		{0EE652FF-27B0-4F91-BAD6-2931BC072762}.Release MinDependency|Win32.Build.0 = Release MinDependency|Win32
		{0EE652FF-27B0-4F91-BAD6-2931BC072762}.Release MinDependency|x64.ActiveCfg = Release MinDependency|x64
		{0EE652FF-27B0-4F91-BAD6-2931BC072762}.Release MinDependency|x64.Build.0 = Release MinDependency|x64
		{0EE652FF-27B0-4F91-BAD6-2931BC072762}.Release|Win32.ActiveCfg = Release MinDependency|x64
		{0EE652FF-27B0-4F91-BAD6-2931BC072762}.Release|x64.ActiveCfg = Release MinDependency|x64
		{0EE652FF-27B0-4F91-BAD6-2931BC072762}.Release|x64.Build.0 = Release MinDependency|x64
		{0EE652FF-27B0-4F91-BAD6-2931BC072762}.Unicode Debug|Win32.ActiveCfg = Unicode Debug|Win32
		{0EE652FF-27B0-4F91-BAD6-2931BC072762}.Unicode Debug|Win32.Build.0 = Unicode Debug|Win32
		{0EE652FF-27B0-4F91-BAD6-2931BC072762}.Unicode Debug|x64.ActiveCfg = Unicode Debug|x64
		{0EE652FF-27B0-4F91-BAD6-2931BC072762}.Unicode Debug|x64.Build.0 = Unicode Debug|x64
		{0EE652FF-27B0-4F91-BAD6-2931BC072762}.Unicode Release MinDependency|Win32.ActiveCfg = Unicode Release MinDependency|Win32
		{0EE652FF-27B0-4F91-BAD6-2931BC072762}.Unicode Release MinDependency|Win32.Build.0 = Unicode Release MinDependency|Win32
		{0EE652FF-27B0-4F91-BAD6-2931BC072762}.Unicode Release MinDependency|x64.ActiveCfg = Unicode Release MinDependency|x64
		{0EE652FF-27B0-4F91-BAD6-2931BC072762}.Unicode Release MinDependency|x64.Build.0 = Unicode Release MinDependency|x64
		{6877DE2D-4ABA-49B0-858D-7D9A9F92945C}.Debug|Win32.ActiveCfg = Debug|Win32
		{6877DE2D-4ABA-49B0-858D-7D9A9F92945C}.Debug|Win32.Build.0 = Debug|Win32
		{6877DE2D-4ABA-49B0-858D-7D9A9F92945C}.Debug|x64.ActiveCfg = Debug|x64
		{6877DE2D-4ABA-49B0-858D-7D9A9F92945C}.Debug|x64.Build.0 = Debug|x64
		{6877DE2D-4ABA-49B0-858D-7D9A9F92945C}.Release MinDependency|Win32.ActiveCfg = Release MinDependency|Win32
		{6877DE2D-4ABA-49B0-858D-7D9A9F92945C}.Release MinDependency|Win32.Build.0 = Release MinDependency|Win32
		{6877DE2D-4ABA-49B0-858D-7D9A9F92945C}.Release MinDependency|x64.ActiveCfg = Release MinDependency|x64
		{6877DE2D-4ABA-49B0-858D-7D9A9F92945C}.Release MinDependency|x64.Build.0 = Release MinDependency|x64
		{6877DE2D-4ABA-49B0-858D-7D9A9F92945C}.Release|Win32.ActiveCfg = Release MinDependency|x64
		{6877DE2D-4ABA-49B0-858D-7D9A9F92945C}.Release|x64.ActiveCfg = Release MinDependency|x64
		{6877DE2D-4ABA-49B0-858D-7D9A9F92945C}.Release|x64.Build.0 = Release MinDependency|x64
		{6877DE2D-4ABA-49B0-858D-7D9A9F92945C}.Unicode Debug|Win32.ActiveCfg = Unicode Debug|Win32
		{6877DE2D-4ABA-49B0-858D-7D9A9F92945C}.Unicode Debug|Win32.Build.0 = Unicode Debug|Win32
		{6877DE2D-4ABA-49B0-858D-7D9A9F92945C}.Unicode Debug|x64.ActiveCfg = Unicode Debug|x64
		{6877DE2D-4ABA-49B0-858D-7D9A9F92945C}.Unicode Debug|x64.Build.0 = Unicode Debug|x64
		{6877DE2D-4ABA-49B0-858D-7D9A9F92945C}.Unicode Release MinDependency|Win32.ActiveCfg = Unicode Release MinDependency|Win32
		{6877DE2D-4ABA-49B0-858D-7D9A9F92945C}.Unicode Release MinDependency|Win32.Build.0 = Unicode Release MinDependency|Win32
		{6877DE2D-4ABA-49B0-858D-7D9A9F92945C}.Unicode Release MinDependency|x64.ActiveCfg = Unicode Release MinDependency|x64
		{6877DE2D-4ABA-49B0-858D-7D9A9F92945C}.Unicode Release MinDependency|x64.Build.0 = Unicode Release MinDependency|x64
		{A948A08A-3AF4-4860-8D13-8C425E56806F}.Debug|Win32.ActiveCfg = Debug|Win32
		{A948A08A-3AF4-4860-8D13-8C425E56806F}.Debug|Win32.Build.0 = Debug|Win32
		{A948A08A-3AF4-4860-8D13-8C425E56806F}.Debug|x64.ActiveCfg = Debug|x64
		{A948A08A-3AF4-4860-8D13-8C425E56806F}.Debug|x64.Build.0 = Debug|x64
		{A948A08A-3AF4-4860-8D13-8C425E56806F}.Release MinDependency|Win32.ActiveCfg = Release MinDependency|Win32
		{A948A08A-3AF4-4860-8D13-8C425E56806F}.Release MinDependency|Win32.Build.0 = Release MinDependency|Win32
		{A948A08A-3AF4-4860-8D13-8C425E56806F}.Release MinDependency|x64.ActiveCfg = Release MinDependency|x64
		{A948A08A-3AF4-4860-8D13-8C425E56806F}.Release MinDependency|x64.Build.0 = Release MinDependency|x64
		{A948A08A-3AF4-4860-8D13-8C425E56806F}.Release|Win32.ActiveCfg = Release MinSize|x64
		{A948A08A-3AF4-4860-8D13-8C425E56806F}.Release|x64.ActiveCfg = Release MinSize|x64
		{A948A08A-3AF4-4860-8D13-8C425E56806F}.Release|x64.Build.0 = Release MinSize|x64
		{A948A08A-3AF4-4860-8D13-8C425E56806F}.Unicode Debug|Win32.ActiveCfg = Unicode Debug|Win32
		{A948A08A-3AF4-4860-8D13-8C425E56806F}.Unicode Debug|Win32.Build.0 = Unicode Debug|Win32
		{A948A08A-3AF4-4860-8D13-8C425E56806F}.Unicode Debug|x64.ActiveCfg = Unicode Debug|x64
		{A948A08A-3AF4-4860-8D13-8C425E56806F}.Unicode Debug|x64.Build.0 = Unicode Debug|x64
		{A948A08A-3AF4-4860-8D13-8C425E56806F}.Unicode Release MinDependency|Win32.ActiveCfg = Unicode Release MinDependency|Win32
		{A948A08A-3AF4-4860-8D13-8C425E56806F}.Unicode Release MinDependency|Win32.Build.0 = Unicode Release MinDependency|Win32
		{A948A08A-3AF4-4860-8D13-8C425E56806F}.Unicode Release MinDependency|x64.ActiveCfg = Unicode Release MinDependency|x64
		{A948A08A-3AF4-4860-8D13-8C425E56806F}.Unicode Release MinDependency|x64.Build.0 = Unicode Release MinDependency|x64
		{4A3F0C35-6B6D-44B3-84FD-7E2168398361}.Debug|Win32.ActiveCfg = Debug|Win32
		{4A3F0C35-6B6D-44B3-84FD-7E2168398361}.Debug|Win32.Build.0 = Debug|Win32
		{4A3F0C35-6B6D-44B3-84FD-7E2168398361}.Debug|x64.ActiveCfg = Debug|x64
		{4A3F0C35-6B6D-44B3-84FD-7E2168398361}.Debug|x64.Build.0 = Debug|x64
		{4A3F0C35-6B6D-44B3-84FD-7E2168398361}.Release MinDependency|Win32.ActiveCfg = Release MinDependency|Win32
		{4A3F0C35-6B6D-44B3-84FD-7E2168398361}.Release MinDependency|Win32.Build.0 = Release MinDependency|Win32
		{4A3F0C35-6B6D-44B3-84FD-7E2168398361}.Release MinDependency|x64.ActiveCfg = Release MinDependency|x64
		{4A3F0C35-6B6D-44B3-84FD-7E2168398361}.Release MinDependency|x64.Build.0 = Release MinDependency|x64
		{4A3F0C35-6B6D-44B3-84FD-7E2168398361}.Release|Win32.ActiveCfg = Release MinSize|x64
		{4A3F0C35-6B6D-44B3-84FD-7E2168398361}.Release|x64.ActiveCfg = Release MinSize|x64
		{4A3F0C35-6B6D-44B3-84FD-7E2168398361}.Release|x64.Build.0 = Release MinSize|x64
		{4A3F0C35-6B6D-44B3-84FD-7E2168398361}.Unicode Debug|Win32.ActiveCfg = Unicode Debug|Win32
		{4A3F0C35-6B6D-44B3-84FD-7E2168398361}.Unicode Debug|Win32.Build.0 = Unicode Debug|Win32
		{4A3F0C35-6B6D-44B3-84FD-7E2168398361}.Unicode Debug|x64.ActiveCfg = Unicode Debug|x64
		{4A3F0C35-6B6D-44B3-84FD-7E2168398361}.Unicode Debug|x64.Build.0 = Unicode Debug|x64
		{4A3F0C35-6B6D-44B3-84FD-7E2168398361}.Unicode Release MinDependency|Win32.ActiveCfg = Unicode Release MinDependency|Win32
		{4A3F0C35-6B6D-44B3-84FD-7E2168398361}.Unicode Release MinDependency|Win32.Build.0 = Unicode Release MinDependency|Win32
		{4A3F0C35-6B6D-44B3-84FD-7E2168398361}.Unicode Release MinDependency|x64.ActiveCfg = Unicode Release MinDependency|x64
		{4A3F0C35-6B6D-44B3-84FD-7E2168398361}.Unicode Release MinDependency|x64.Build.0 = Unicode Release MinDependency|x64
	EndGlobalSection
	GlobalSection(SolutionProperties) = preSolution
		HideSolutionNode = FALSE
	EndGlobalSection
EndGlobal
