<?xml version="1.0" encoding="utf-8"?>
<Project ToolsVersion="4.0" xmlns="http://schemas.microsoft.com/developer/msbuild/2003">
  <ItemGroup>
    <Filter Include="Quellcodedateien">
      <UniqueIdentifier>{62219f79-b483-4b17-8dfb-192010b4b441}</UniqueIdentifier>
      <Extensions>cpp;c;cxx;rc;def;r;odl;idl;hpj;bat</Extensions>
    </Filter>
    <Filter Include="Ressourcendateien">
      <UniqueIdentifier>{9d241231-8aac-413c-8f57-7c1f004de652}</UniqueIdentifier>
      <Extensions>ico;cur;bmp;dlg;rc2;rct;bin;rgs;gif;jpg;jpeg;jpe</Extensions>
    </Filter>
    <Filter Include="Windows">
      <UniqueIdentifier>{dff81a7c-7c11-460d-ad67-fb084337f51a}</UniqueIdentifier>
    </Filter>
    <Filter Include="Common">
      <UniqueIdentifier>{a5e16dd9-915d-4f24-9ec1-c70060e47f0f}</UniqueIdentifier>
    </Filter>
    <Filter Include="7zip Common">
      <UniqueIdentifier>{7e2c82d9-c843-4a48-a333-a63142184a2d}</UniqueIdentifier>
    </Filter>
    <Filter Include="Extract">
      <UniqueIdentifier>{2355e1ee-85e3-4019-9e14-283d7dce5dfc}</UniqueIdentifier>
    </Filter>
    <Filter Include="C">
      <UniqueIdentifier>{0d6c437d-d0d0-4ba3-a659-75a58aecd9a0}</UniqueIdentifier>
    </Filter>
    <Filter Include="Header-Dateien">
      <UniqueIdentifier>{fde66b0f-1aaa-4c23-ae2d-894459cb2fa5}</UniqueIdentifier>
      <Extensions>h;hpp;hxx;hm;inl</Extensions>
    </Filter>
  </ItemGroup>
  <ItemGroup>
    <None Include="Merge7z.def">
      <Filter>Quellcodedateien</Filter>
    </None>
    <None Include="$(SRC7Z)\7z459\CPP\7zip\Ui\Gui\FM.ico">
      <Filter>Ressourcendateien</Filter>
    </None>
    <None Include="revision.txt" />
  </ItemGroup>
  <ItemGroup>
    <ClInclude Include="Merge7z.h">
      <Filter>Quellcodedateien</Filter>
    </ClInclude>
    <ClInclude Include="Merge7zCommon.h">
      <Filter>Quellcodedateien</Filter>
    </ClInclude>
    <ClInclude Include="StdAfx.h">
      <Filter>Quellcodedateien</Filter>
    </ClInclude>
    <ClInclude Include="tools.h">
      <Filter>Quellcodedateien</Filter>
    </ClInclude>
    <ClInclude Include="$(SRC7Z)\7z459\CPP\7zip\UI\GUI\resource.h">
      <Filter>Ressourcendateien</Filter>
    </ClInclude>
    <ClInclude Include="$(SRC7Z)\7z459\CPP\Windows\DLL.h">
      <Filter>Windows</Filter>
    </ClInclude>
    <ClInclude Include="$(SRC7Z)\7z459\CPP\Windows\Error.h">
      <Filter>Windows</Filter>
    </ClInclude>
    <ClInclude Include="$(SRC7Z)\7z459\CPP\Windows\FileIO.h">
      <Filter>Windows</Filter>
    </ClInclude>
    <ClInclude Include="..\..\..\..\7z459\Cpp\Windows\Control\ListView.h">
      <Filter>Windows</Filter>
    </ClInclude>
    <ClInclude Include="$(SRC7Z)\7z459\CPP\Windows\PropVariant.h">
      <Filter>Windows</Filter>
    </ClInclude>
    <ClInclude Include="$(SRC7Z)\7z459\CPP\Windows\PropVariantConversions.h">
      <Filter>Windows</Filter>
    </ClInclude>
    <ClInclude Include="$(SRC7Z)\7z459\CPP\Windows\ResourceString.h">
      <Filter>Windows</Filter>
    </ClInclude>
    <ClInclude Include="$(SRC7Z)\7z459\CPP\Windows\Synchronization.h">
      <Filter>Windows</Filter>
    </ClInclude>
    <ClInclude Include="$(SRC7Z)\7z459\CPP\Common\IntToString.h">
      <Filter>Common</Filter>
    </ClInclude>
    <ClInclude Include="$(SRC7Z)\7z459\CPP\Common\Lang.h">
      <Filter>Common</Filter>
    </ClInclude>
    <ClInclude Include="$(SRC7Z)\7z459\CPP\Common\MyString.h">
      <Filter>Common</Filter>
    </ClInclude>
    <ClInclude Include="$(SRC7Z)\7z459\CPP\Common\StringConvert.h">
      <Filter>Common</Filter>
    </ClInclude>
    <ClInclude Include="$(SRC7Z)\7z459\CPP\Common\StringToInt.h">
      <Filter>Common</Filter>
    </ClInclude>
    <ClInclude Include="$(SRC7Z)\7z459\CPP\Common\TextConfig.h">
      <Filter>Common</Filter>
    </ClInclude>
    <ClInclude Include="$(SRC7Z)\7z459\CPP\Common\UTFConvert.h">
      <Filter>Common</Filter>
    </ClInclude>
    <ClInclude Include="$(SRC7Z)\7z459\CPP\7zip\UI\Common\ArchiveExtractCallback.h">
      <Filter>7zip Common</Filter>
    </ClInclude>
    <ClInclude Include="$(SRC7Z)\7z459\CPP\7zip\UI\Common\ArchiveOpenCallback.h">
      <Filter>7zip Common</Filter>
    </ClInclude>
    <ClInclude Include="$(SRC7Z)\7z459\CPP\7zip\UI\Common\DefaultName.h">
      <Filter>7zip Common</Filter>
    </ClInclude>
    <ClInclude Include="$(SRC7Z)\7z459\CPP\Windows\Control\Dialog.h">
      <Filter>7zip Common</Filter>
    </ClInclude>
    <ClInclude Include="..\..\..\..\7z459\Cpp\7zip\Ui\Common\EnumDirItems.h">
      <Filter>7zip Common</Filter>
    </ClInclude>
    <ClInclude Include="$(SRC7Z)\7z459\CPP\7zip\UI\FileManager\ExtractCallback.h">
      <Filter>7zip Common</Filter>
    </ClInclude>
    <ClInclude Include="$(SRC7Z)\7z459\CPP\7zip\Common\FileStreams.h">
      <Filter>7zip Common</Filter>
    </ClInclude>
    <ClInclude Include="$(SRC7Z)\7z459\CPP\7zip\UI\FileManager\FormatUtils.h">
      <Filter>7zip Common</Filter>
    </ClInclude>
    <ClInclude Include="$(SRC7Z)\7z459\CPP\7zip\UI\FileManager\LangUtils.h">
      <Filter>7zip Common</Filter>
    </ClInclude>
    <ClInclude Include="..\..\..\..\7z459\Cpp\7zip\Ui\Common\LoadCodecs.h">
      <Filter>7zip Common</Filter>
    </ClInclude>
    <ClInclude Include="$(SRC7Z)\7z459\CPP\7zip\UI\FileManager\MessagesDialog.h">
      <Filter>7zip Common</Filter>
    </ClInclude>
    <ClInclude Include="$(SRC7Z)\7z459\CPP\7zip\UI\Common\OpenArchive.h">
      <Filter>7zip Common</Filter>
    </ClInclude>
    <ClInclude Include="$(SRC7Z)\7z459\CPP\7zip\UI\FileManager\OpenCallback.h">
      <Filter>7zip Common</Filter>
    </ClInclude>
    <ClInclude Include="$(SRC7Z)\7z459\CPP\7zip\UI\FileManager\OverwriteDialog.h">
      <Filter>7zip Common</Filter>
    </ClInclude>
    <ClInclude Include="$(SRC7Z)\7z459\CPP\7zip\UI\FileManager\PasswordDialog.h">
      <Filter>7zip Common</Filter>
    </ClInclude>
    <ClInclude Include="$(SRC7Z)\7z459\CPP\7zip\UI\FileManager\ProgramLocation.h">
      <Filter>7zip Common</Filter>
    </ClInclude>
    <ClInclude Include="$(SRC7Z)\7z459\CPP\7zip\Common\ProgressUtils.h">
      <Filter>7zip Common</Filter>
    </ClInclude>
    <ClInclude Include="$(SRC7Z)\7z459\CPP\7zip\Common\StreamUtils.h">
      <Filter>7zip Common</Filter>
    </ClInclude>
    <ClInclude Include="$(SRC7Z)\7z459\CPP\7zip\UI\Common\UpdateCallback.h">
      <Filter>7zip Common</Filter>
    </ClInclude>
    <ClInclude Include="$(SRC7Z)\7z459\CPP\7zip\UI\GUI\UpdateCallbackGUI.h">
      <Filter>7zip Common</Filter>
    </ClInclude>
    <ClInclude Include="$(SRC7Z)\7z459\CPP\Windows\Window.h">
      <Filter>7zip Common</Filter>
    </ClInclude>
    <ClInclude Include="$(SRC7Z)\7z459\CPP\7zip\UI\Common\ExtractingFilePath.h">
      <Filter>Extract</Filter>
    </ClInclude>
    <ClInclude Include="$(SRC7Z)\7z459\CPP\Windows\FileDir.h">
      <Filter>Extract</Filter>
    </ClInclude>
    <ClInclude Include="$(SRC7Z)\7z459\CPP\Windows\FileFind.h">
      <Filter>Extract</Filter>
    </ClInclude>
    <ClInclude Include="$(SRC7Z)\7z459\CPP\Windows\FileName.h">
      <Filter>Extract</Filter>
    </ClInclude>
    <ClInclude Include="$(SRC7Z)\7z459\CPP\7zip\Common\FilePathAutoRename.h">
      <Filter>Extract</Filter>
    </ClInclude>
    <ClInclude Include="$(SRC7Z)\7z459\CPP\Common\MyVector.h">
      <Filter>Extract</Filter>
    </ClInclude>
    <ClInclude Include="$(SRC7Z)\7z459\CPP\Common\Wildcard.h">
      <Filter>Extract</Filter>
    </ClInclude>
  </ItemGroup>
  <ItemGroup>
    <ClCompile Include="Merge7z459.cpp">
      <Filter>Quellcodedateien</Filter>
    </ClCompile>
    <ClCompile Include="Merge7zCommon.cpp">
      <Filter>Quellcodedateien</Filter>
    </ClCompile>
    <ClCompile Include="StdAfx.cpp">
      <Filter>Quellcodedateien</Filter>
    </ClCompile>
    <ClCompile Include="tools.cpp">
      <Filter>Quellcodedateien</Filter>
    </ClCompile>
    <ClCompile Include="$(SRC7Z)\7z459\CPP\Windows\DLL.cpp">
      <Filter>Windows</Filter>
    </ClCompile>
    <ClCompile Include="$(SRC7Z)\7z459\CPP\Windows\Error.cpp">
      <Filter>Windows</Filter>
    </ClCompile>
    <ClCompile Include="$(SRC7Z)\7z459\CPP\Windows\FileIO.cpp">
      <Filter>Windows</Filter>
    </ClCompile>
    <ClCompile Include="..\..\..\..\7z459\Cpp\Windows\Control\ListView.cpp">
      <Filter>Windows</Filter>
    </ClCompile>
    <ClCompile Include="$(SRC7Z)\7z459\CPP\Windows\PropVariant.cpp">
      <Filter>Windows</Filter>
    </ClCompile>
    <ClCompile Include="$(SRC7Z)\7z459\CPP\Windows\PropVariantConversions.cpp">
      <Filter>Windows</Filter>
    </ClCompile>
    <ClCompile Include="$(SRC7Z)\7z459\CPP\Windows\ResourceString.cpp">
      <Filter>Windows</Filter>
    </ClCompile>
    <ClCompile Include="$(SRC7Z)\7z459\CPP\Windows\Synchronization.cpp">
      <Filter>Windows</Filter>
    </ClCompile>
    <ClCompile Include="$(SRC7Z)\7z459\CPP\Common\IntToString.cpp">
      <Filter>Common</Filter>
    </ClCompile>
    <ClCompile Include="$(SRC7Z)\7z459\CPP\Common\Lang.cpp">
      <Filter>Common</Filter>
    </ClCompile>
    <ClCompile Include="$(SRC7Z)\7z459\CPP\Common\MyString.cpp">
      <Filter>Common</Filter>
    </ClCompile>
    <ClCompile Include="$(SRC7Z)\7z459\CPP\Common\StringConvert.cpp">
      <Filter>Common</Filter>
    </ClCompile>
    <ClCompile Include="$(SRC7Z)\7z459\CPP\Common\StringToInt.cpp">
      <Filter>Common</Filter>
    </ClCompile>
    <ClCompile Include="$(SRC7Z)\7z459\CPP\Common\TextConfig.cpp">
      <Filter>Common</Filter>
    </ClCompile>
    <ClCompile Include="$(SRC7Z)\7z459\CPP\Common\UTFConvert.cpp">
      <Filter>Common</Filter>
    </ClCompile>
    <ClCompile Include="$(SRC7Z)\7z459\CPP\7zip\Ui\Common\ArchiveExtractCallback.cpp">
      <Filter>7zip Common</Filter>
    </ClCompile>
    <ClCompile Include="$(SRC7Z)\7z459\CPP\7zip\UI\Common\ArchiveOpenCallback.cpp">
      <Filter>7zip Common</Filter>
    </ClCompile>
    <ClCompile Include="$(SRC7Z)\7z459\CPP\7zip\UI\Common\DefaultName.cpp">
      <Filter>7zip Common</Filter>
    </ClCompile>
    <ClCompile Include="$(SRC7Z)\7z459\CPP\Windows\Control\Dialog.cpp">
      <Filter>7zip Common</Filter>
    </ClCompile>
    <ClCompile Include="..\..\..\..\7z459\Cpp\7zip\Ui\Common\EnumDirItems.cpp">
      <Filter>7zip Common</Filter>
    </ClCompile>
    <ClCompile Include="$(SRC7Z)\7z459\CPP\7zip\UI\FileManager\ExtractCallback.cpp">
      <Filter>7zip Common</Filter>
    </ClCompile>
    <ClCompile Include="$(SRC7Z)\7z459\CPP\7zip\Common\FileStreams.cpp">
      <Filter>7zip Common</Filter>
    </ClCompile>
    <ClCompile Include="$(SRC7Z)\7z459\CPP\7zip\UI\FileManager\FormatUtils.cpp">
      <Filter>7zip Common</Filter>
    </ClCompile>
    <ClCompile Include="$(SRC7Z)\7z459\CPP\7zip\UI\FileManager\LangUtils.cpp">
      <Filter>7zip Common</Filter>
    </ClCompile>
    <ClCompile Include="..\..\..\..\7z459\Cpp\7zip\Ui\Common\LoadCodecs.cpp">
      <Filter>7zip Common</Filter>
    </ClCompile>
    <ClCompile Include="$(SRC7Z)\7z459\CPP\7zip\UI\FileManager\MessagesDialog.cpp">
      <Filter>7zip Common</Filter>
    </ClCompile>
    <ClCompile Include="$(SRC7Z)\7z459\CPP\7zip\UI\Common\OpenArchive.cpp">
      <Filter>7zip Common</Filter>
    </ClCompile>
    <ClCompile Include="$(SRC7Z)\7z459\CPP\7zip\UI\FileManager\OpenCallback.cpp">
      <Filter>7zip Common</Filter>
    </ClCompile>
    <ClCompile Include="$(SRC7Z)\7z459\CPP\7zip\UI\FileManager\OverwriteDialog.cpp">
      <Filter>7zip Common</Filter>
    </ClCompile>
    <ClCompile Include="$(SRC7Z)\7z459\CPP\7zip\UI\FileManager\PasswordDialog.cpp">
      <Filter>7zip Common</Filter>
    </ClCompile>
    <ClCompile Include="$(SRC7Z)\7z459\CPP\7zip\UI\FileManager\ProgramLocation.cpp">
      <Filter>7zip Common</Filter>
    </ClCompile>
    <ClCompile Include="$(SRC7Z)\7z459\CPP\7zip\UI\FileManager\ProgressDialog2.cpp">
      <Filter>7zip Common</Filter>
    </ClCompile>
    <ClCompile Include="$(SRC7Z)\7z459\CPP\7zip\Common\ProgressUtils.cpp">
      <Filter>7zip Common</Filter>
    </ClCompile>
    <ClCompile Include="$(SRC7Z)\7z459\CPP\7zip\Common\StreamUtils.cpp">
      <Filter>7zip Common</Filter>
    </ClCompile>
    <ClCompile Include="$(SRC7Z)\7z459\CPP\7zip\UI\Common\UpdateCallback.cpp">
      <Filter>7zip Common</Filter>
    </ClCompile>
    <ClCompile Include="$(SRC7Z)\7z459\CPP\7zip\UI\GUI\UpdateCallbackGUI.cpp">
      <Filter>7zip Common</Filter>
    </ClCompile>
    <ClCompile Include="$(SRC7Z)\7z459\CPP\Windows\Window.cpp">
      <Filter>7zip Common</Filter>
    </ClCompile>
    <ClCompile Include="$(SRC7Z)\7z459\CPP\7zip\Ui\Common\ExtractingFilePath.cpp">
      <Filter>Extract</Filter>
    </ClCompile>
    <ClCompile Include="$(SRC7Z)\7z459\CPP\Windows\FileDir.cpp">
      <Filter>Extract</Filter>
    </ClCompile>
    <ClCompile Include="$(SRC7Z)\7z459\CPP\Windows\FileFind.cpp">
      <Filter>Extract</Filter>
    </ClCompile>
    <ClCompile Include="$(SRC7Z)\7z459\CPP\Windows\FileName.cpp">
      <Filter>Extract</Filter>
    </ClCompile>
    <ClCompile Include="$(SRC7Z)\7z459\CPP\7zip\Common\FilePathAutoRename.cpp">
      <Filter>Extract</Filter>
    </ClCompile>
    <ClCompile Include="$(SRC7Z)\7z459\CPP\Common\MyVector.cpp">
      <Filter>Extract</Filter>
    </ClCompile>
    <ClCompile Include="$(SRC7Z)\7z459\CPP\Common\Wildcard.cpp">
      <Filter>Extract</Filter>
    </ClCompile>
    <ClCompile Include="$(SRC7Z)\7z459\C\Threads.c">
      <Filter>C</Filter>
    </ClCompile>
  </ItemGroup>
  <ItemGroup>
    <ResourceCompile Include="$(SRC7Z)\7z459\CPP\7zip\Ui\Gui\resource.rc">
      <Filter>Ressourcendateien</Filter>
    </ResourceCompile>
  </ItemGroup>
  <ItemGroup>
    <Manifest Include="$(SRC7Z)\7z459\CPP\7zip\Ui\Gui\7zG.exe.manifest" />
  </ItemGroup>
</Project>