<?xml version="1.0" encoding="utf-8"?>
<Project ToolsVersion="4.0" xmlns="http://schemas.microsoft.com/developer/msbuild/2003">
  <ItemGroup>
    <None Include="..\Translations\WinMerge\CreateMasterPotFile.vbs">
      <Filter>Scripts</Filter>
    </None>
    <None Include="..\Translations\WinMerge\UpdatePoFilesFromPotFile.ps1">
      <Filter>Scripts</Filter>
    </None>
    <None Include="..\Translations\WinMerge\English.pot">
      <Filter>Translations</Filter>
    </None>
    <None Include="..\Translations\WinMerge\Arabic.po">
      <Filter>Translations</Filter>
    </None>
    <None Include="..\Translations\WinMerge\Basque.po">
      <Filter>Translations</Filter>
    </None>
    <None Include="..\Translations\WinMerge\Brazilian.po">
      <Filter>Translations</Filter>
    </None>
    <None Include="..\Translations\WinMerge\Bulgarian.po">
      <Filter>Translations</Filter>
    </None>
    <None Include="..\Translations\WinMerge\Catalan.po">
      <Filter>Translations</Filter>
    </None>
    <None Include="..\Translations\WinMerge\ChineseSimplified.po">
      <Filter>Translations</Filter>
    </None>
    <None Include="..\Translations\WinMerge\ChineseTraditional.po">
      <Filter>Translations</Filter>
    </None>
    <None Include="..\Translations\WinMerge\Croatian.po">
      <Filter>Translations</Filter>
    </None>
    <None Include="..\Translations\WinMerge\Czech.po">
      <Filter>Translations</Filter>
    </None>
    <None Include="..\Translations\WinMerge\Danish.po">
      <Filter>Translations</Filter>
    </None>
    <None Include="..\Translations\WinMerge\Dutch.po">
      <Filter>Translations</Filter>
    </None>
    <None Include="..\Translations\WinMerge\Finnish.po">
      <Filter>Translations</Filter>
    </None>
    <None Include="..\Translations\WinMerge\French.po">
      <Filter>Translations</Filter>
    </None>
    <None Include="..\Translations\WinMerge\Galician.po">
      <Filter>Translations</Filter>
    </None>
    <None Include="..\Translations\WinMerge\German.po">
      <Filter>Translations</Filter>
    </None>
    <None Include="..\Translations\WinMerge\Greek.po">
      <Filter>Translations</Filter>
    </None>
    <None Include="..\Translations\WinMerge\Hungarian.po">
      <Filter>Translations</Filter>
    </None>
    <None Include="..\Translations\WinMerge\Italian.po">
      <Filter>Translations</Filter>
    </None>
    <None Include="..\Translations\WinMerge\Japanese.po">
      <Filter>Translations</Filter>
    </None>
    <None Include="..\Translations\WinMerge\Korean.po">
      <Filter>Translations</Filter>
    </None>
    <None Include="..\Translations\WinMerge\Lithuanian.po">
      <Filter>Translations</Filter>
    </None>
    <None Include="..\Translations\WinMerge\Norwegian.po">
      <Filter>Translations</Filter>
    </None>
    <None Include="..\Translations\WinMerge\Persian.po">
      <Filter>Translations</Filter>
    </None>
    <None Include="..\Translations\WinMerge\Polish.po">
      <Filter>Translations</Filter>
    </None>
    <None Include="..\Translations\WinMerge\Portuguese.po">
      <Filter>Translations</Filter>
    </None>
    <None Include="..\Translations\WinMerge\Romanian.po">
      <Filter>Translations</Filter>
    </None>
    <None Include="..\Translations\WinMerge\Russian.po">
      <Filter>Translations</Filter>
    </None>
    <None Include="..\Translations\WinMerge\Serbian.po">
      <Filter>Translations</Filter>
    </None>
    <None Include="..\Translations\WinMerge\Sinhala.po">
      <Filter>Translations</Filter>
    </None>
    <None Include="..\Translations\WinMerge\Slovak.po">
      <Filter>Translations</Filter>
    </None>
    <None Include="..\Translations\WinMerge\Slovenian.po">
      <Filter>Translations</Filter>
    </None>
    <None Include="..\Translations\WinMerge\Spanish.po">
      <Filter>Translations</Filter>
    </None>
    <None Include="..\Translations\WinMerge\Swedish.po">
      <Filter>Translations</Filter>
    </None>
    <None Include="..\Translations\WinMerge\Turkish.po">
      <Filter>Translations</Filter>
    </None>
    <None Include="..\Translations\WinMerge\Ukrainian.po">
      <Filter>Translations</Filter>
    </None>
  </ItemGroup>
  <ItemGroup>
    <Filter Include="Resource FIles">
      <UniqueIdentifier>{6ed17c4f-f8ad-4783-b08d-accd2076a66b}</UniqueIdentifier>
    </Filter>
    <Filter Include="Scripts">
      <UniqueIdentifier>{51a3b56c-eeee-43c9-a0e7-c2561a2e74fe}</UniqueIdentifier>
    </Filter>
    <Filter Include="Translations">
      <UniqueIdentifier>{745e3235-658b-4c1e-a2e0-81869dde161e}</UniqueIdentifier>
    </Filter>
  </ItemGroup>
  <ItemGroup>
    <CustomBuild Include="Merge.rc">
      <Filter>Resource FIles</Filter>
    </CustomBuild>
  </ItemGroup>
</Project>