<?xml version="1.0" encoding="utf-8"?>
<Project ToolsVersion="4.0" xmlns="http://schemas.microsoft.com/developer/msbuild/2003">
  <ItemGroup>
    <None Include="..\Translations\WinMerge\Ukrainian.po">
      <Filter>Translations\WinMerge</Filter>
    </None>
    <None Include="..\Translations\WinMerge\Arabic.po">
      <Filter>Translations\WinMerge</Filter>
    </None>
    <None Include="..\Translations\WinMerge\Basque.po">
      <Filter>Translations\WinMerge</Filter>
    </None>
    <None Include="..\Translations\WinMerge\Brazilian.po">
      <Filter>Translations\WinMerge</Filter>
    </None>
    <None Include="..\Translations\WinMerge\Bulgarian.po">
      <Filter>Translations\WinMerge</Filter>
    </None>
    <None Include="..\Translations\WinMerge\Catalan.po">
      <Filter>Translations\WinMerge</Filter>
    </None>
    <None Include="..\Translations\WinMerge\ChineseSimplified.po">
      <Filter>Translations\WinMerge</Filter>
    </None>
    <None Include="..\Translations\WinMerge\ChineseTraditional.po">
      <Filter>Translations\WinMerge</Filter>
    </None>
    <None Include="..\Translations\WinMerge\Croatian.po">
      <Filter>Translations\WinMerge</Filter>
    </None>
    <None Include="..\Translations\WinMerge\Czech.po">
      <Filter>Translations\WinMerge</Filter>
    </None>
    <None Include="..\Translations\WinMerge\Danish.po">
      <Filter>Translations\WinMerge</Filter>
    </None>
    <None Include="..\Translations\WinMerge\Dutch.po">
      <Filter>Translations\WinMerge</Filter>
    </None>
    <None Include="..\Translations\WinMerge\English.pot">
      <Filter>Translations\WinMerge</Filter>
    </None>
    <None Include="..\Translations\WinMerge\Finnish.po">
      <Filter>Translations\WinMerge</Filter>
    </None>
    <None Include="..\Translations\WinMerge\French.po">
      <Filter>Translations\WinMerge</Filter>
    </None>
    <None Include="..\Translations\WinMerge\Galician.po">
      <Filter>Translations\WinMerge</Filter>
    </None>
    <None Include="..\Translations\WinMerge\German.po">
      <Filter>Translations\WinMerge</Filter>
    </None>
    <None Include="..\Translations\WinMerge\Greek.po">
      <Filter>Translations\WinMerge</Filter>
    </None>
    <None Include="..\Translations\WinMerge\Hungarian.po">
      <Filter>Translations\WinMerge</Filter>
    </None>
    <None Include="..\Translations\WinMerge\Italian.po">
      <Filter>Translations\WinMerge</Filter>
    </None>
    <None Include="..\Translations\WinMerge\Japanese.po">
      <Filter>Translations\WinMerge</Filter>
    </None>
    <None Include="..\Translations\WinMerge\Korean.po">
      <Filter>Translations\WinMerge</Filter>
    </None>
    <None Include="..\Translations\WinMerge\Lithuanian.po">
      <Filter>Translations\WinMerge</Filter>
    </None>
    <None Include="..\Translations\WinMerge\Norwegian.po">
      <Filter>Translations\WinMerge</Filter>
    </None>
    <None Include="..\Translations\WinMerge\Persian.po">
      <Filter>Translations\WinMerge</Filter>
    </None>
    <None Include="..\Translations\WinMerge\Polish.po">
      <Filter>Translations\WinMerge</Filter>
    </None>
    <None Include="..\Translations\WinMerge\Portuguese.po">
      <Filter>Translations\WinMerge</Filter>
    </None>
    <None Include="..\Translations\WinMerge\Romanian.po">
      <Filter>Translations\WinMerge</Filter>
    </None>
    <None Include="..\Translations\WinMerge\Russian.po">
      <Filter>Translations\WinMerge</Filter>
    </None>
    <None Include="..\Translations\WinMerge\Serbian.po">
      <Filter>Translations\WinMerge</Filter>
    </None>
    <None Include="..\Translations\WinMerge\Sinhala.po">
      <Filter>Translations\WinMerge</Filter>
    </None>
    <None Include="..\Translations\WinMerge\Slovak.po">
      <Filter>Translations\WinMerge</Filter>
    </None>
    <None Include="..\Translations\WinMerge\Slovenian.po">
      <Filter>Translations\WinMerge</Filter>
    </None>
    <None Include="..\Translations\WinMerge\Spanish.po">
      <Filter>Translations\WinMerge</Filter>
    </None>
    <None Include="..\Translations\WinMerge\Swedish.po">
      <Filter>Translations\WinMerge</Filter>
    </None>
    <None Include="..\Translations\WinMerge\Tamil.po">
      <Filter>Translations\WinMerge</Filter>
    </None>
    <None Include="..\Translations\WinMerge\Turkish.po">
      <Filter>Translations\WinMerge</Filter>
    </None>
    <None Include="..\Translations\WinMerge\Vietnamese.po">
      <Filter>Translations\WinMerge</Filter>
    </None>
    <None Include="..\Translations\WinMerge\UpdatePoFilesFromPotFile.ps1">
      <Filter>Scripts\WinMerge</Filter>
    </None>
    <None Include="..\Translations\WinMerge\CreateMasterPotFile.js">
      <Filter>Scripts\WinMerge</Filter>
    </None>
    <None Include="..\Translations\ShellExtension\UpdatePoFilesFromPotFile.ps1">
      <Filter>Scripts\ShellExtension</Filter>
    </None>
    <None Include="..\Translations\ShellExtension\CreateMasterPotFile.js">
      <Filter>Scripts\ShellExtension</Filter>
    </None>
    <None Include="..\Translations\ShellExtension\Arabic.po">
      <Filter>Translations\ShellExtension</Filter>
    </None>
    <None Include="..\Translations\ShellExtension\Basque.po">
      <Filter>Translations\ShellExtension</Filter>
    </None>
    <None Include="..\Translations\ShellExtension\Brazilian.po">
      <Filter>Translations\ShellExtension</Filter>
    </None>
    <None Include="..\Translations\ShellExtension\Bulgarian.po">
      <Filter>Translations\ShellExtension</Filter>
    </None>
    <None Include="..\Translations\ShellExtension\Catalan.po">
      <Filter>Translations\ShellExtension</Filter>
    </None>
    <None Include="..\Translations\ShellExtension\ChineseSimplified.po">
      <Filter>Translations\ShellExtension</Filter>
    </None>
    <None Include="..\Translations\ShellExtension\ChineseTraditional.po">
      <Filter>Translations\ShellExtension</Filter>
    </None>
    <None Include="..\Translations\ShellExtension\Croatian.po">
      <Filter>Translations\ShellExtension</Filter>
    </None>
    <None Include="..\Translations\ShellExtension\Czech.po">
      <Filter>Translations\ShellExtension</Filter>
    </None>
    <None Include="..\Translations\ShellExtension\Danish.po">
      <Filter>Translations\ShellExtension</Filter>
    </None>
    <None Include="..\Translations\ShellExtension\Dutch.po">
      <Filter>Translations\ShellExtension</Filter>
    </None>
    <None Include="..\Translations\ShellExtension\Finnish.po">
      <Filter>Translations\ShellExtension</Filter>
    </None>
    <None Include="..\Translations\ShellExtension\French.po">
      <Filter>Translations\ShellExtension</Filter>
    </None>
    <None Include="..\Translations\ShellExtension\Galician.po">
      <Filter>Translations\ShellExtension</Filter>
    </None>
    <None Include="..\Translations\ShellExtension\German.po">
      <Filter>Translations\ShellExtension</Filter>
    </None>
    <None Include="..\Translations\ShellExtension\Greek.po">
      <Filter>Translations\ShellExtension</Filter>
    </None>
    <None Include="..\Translations\ShellExtension\Hungarian.po">
      <Filter>Translations\ShellExtension</Filter>
    </None>
    <None Include="..\Translations\ShellExtension\Italian.po">
      <Filter>Translations\ShellExtension</Filter>
    </None>
    <None Include="..\Translations\ShellExtension\Japanese.po">
      <Filter>Translations\ShellExtension</Filter>
    </None>
    <None Include="..\Translations\ShellExtension\Korean.po">
      <Filter>Translations\ShellExtension</Filter>
    </None>
    <None Include="..\Translations\ShellExtension\Lithuanian.po">
      <Filter>Translations\ShellExtension</Filter>
    </None>
    <None Include="..\Translations\ShellExtension\Norwegian.po">
      <Filter>Translations\ShellExtension</Filter>
    </None>
    <None Include="..\Translations\ShellExtension\Persian.po">
      <Filter>Translations\ShellExtension</Filter>
    </None>
    <None Include="..\Translations\ShellExtension\Polish.po">
      <Filter>Translations\ShellExtension</Filter>
    </None>
    <None Include="..\Translations\ShellExtension\Portuguese.po">
      <Filter>Translations\ShellExtension</Filter>
    </None>
    <None Include="..\Translations\ShellExtension\Romanian.po">
      <Filter>Translations\ShellExtension</Filter>
    </None>
    <None Include="..\Translations\ShellExtension\Russian.po">
      <Filter>Translations\ShellExtension</Filter>
    </None>
    <None Include="..\Translations\ShellExtension\Serbian.po">
      <Filter>Translations\ShellExtension</Filter>
    </None>
    <None Include="..\Translations\ShellExtension\Sinhala.po">
      <Filter>Translations\ShellExtension</Filter>
    </None>
    <None Include="..\Translations\ShellExtension\Slovak.po">
      <Filter>Translations\ShellExtension</Filter>
    </None>
    <None Include="..\Translations\ShellExtension\Slovenian.po">
      <Filter>Translations\ShellExtension</Filter>
    </None>
    <None Include="..\Translations\ShellExtension\Spanish.po">
      <Filter>Translations\ShellExtension</Filter>
    </None>
    <None Include="..\Translations\ShellExtension\Swedish.po">
      <Filter>Translations\ShellExtension</Filter>
    </None>
    <None Include="..\Translations\ShellExtension\Tamil.po">
      <Filter>Translations\ShellExtension</Filter>
    </None>
    <None Include="..\Translations\ShellExtension\Turkish.po">
      <Filter>Translations\ShellExtension</Filter>
    </None>
    <None Include="..\Translations\ShellExtension\Ukrainian.po">
      <Filter>Translations\ShellExtension</Filter>
    </None>
    <None Include="..\Translations\ShellExtension\Vietnamese.po">
      <Filter>Translations\ShellExtension</Filter>
    </None>
    <None Include="..\Translations\ShellExtension\English.pot">
      <Filter>Translations\ShellExtension</Filter>
    </None>
    <None Include="..\Translations\WinMerge\Corsican.po">
      <Filter>Translations\WinMerge</Filter>
    </None>
    <None Include="..\Translations\ShellExtension\Corsican.po">
      <Filter>Translations\ShellExtension</Filter>
    </None>
    <None Include="..\Translations\WinMerge\Hebrew.po">
      <Filter>Translations\WinMerge</Filter>
    </None>
    <None Include="..\Translations\ShellExtension\Hebrew.po">
      <Filter>Translations\ShellExtension</Filter>
    </None>
  </ItemGroup>
  <ItemGroup>
    <Filter Include="Resource FIles">
      <UniqueIdentifier>{6ed17c4f-f8ad-4783-b08d-accd2076a66b}</UniqueIdentifier>
    </Filter>
    <Filter Include="Scripts">
      <UniqueIdentifier>{51a3b56c-eeee-43c9-a0e7-c2561a2e74fe}</UniqueIdentifier>
    </Filter>
    <Filter Include="Translations">
      <UniqueIdentifier>{745e3235-658b-4c1e-a2e0-81869dde161e}</UniqueIdentifier>
    </Filter>
    <Filter Include="Translations\WinMerge">
      <UniqueIdentifier>{ed83cf1e-3fd4-4e50-8867-8d646521f5df}</UniqueIdentifier>
    </Filter>
    <Filter Include="Scripts\WinMerge">
      <UniqueIdentifier>{c9edd0b7-bfef-4cc6-b2df-dfb06dabb4b0}</UniqueIdentifier>
    </Filter>
    <Filter Include="Translations\ShellExtension">
      <UniqueIdentifier>{d07e2338-8eba-4280-aa53-0bccefb36dd6}</UniqueIdentifier>
    </Filter>
    <Filter Include="Scripts\ShellExtension">
      <UniqueIdentifier>{46158f06-7dee-41a1-8b2e-eeadeb1bb5b1}</UniqueIdentifier>
    </Filter>
  </ItemGroup>
  <ItemGroup>
    <CustomBuild Include="Merge.rc">
      <Filter>Resource FIles</Filter>
    </CustomBuild>
    <CustomBuild Include="..\ShellExtension\ShellExtension\ShellExtension.rc">
      <Filter>Resource FIles</Filter>
    </CustomBuild>
  </ItemGroup>
  <ItemGroup>
    <ClInclude Include="resource.h" />
  </ItemGroup>
  <ItemGroup>
    <Text Include="..\Translations\WinMerge\StringBlacklist.txt">
      <Filter>Translations\WinMerge</Filter>
    </Text>
  </ItemGroup>
</Project>