<?xml version="1.0" encoding="utf-8"?>
<Project ToolsVersion="4.0" xmlns="http://schemas.microsoft.com/developer/msbuild/2003">
  <ItemGroup>
    <Filter Include="Source Files">
      <UniqueIdentifier>{e8f63c02-8bf9-425d-88d0-831ca188bbdf}</UniqueIdentifier>
      <Extensions>cpp;c;cxx;rc;def;r;odl;idl;hpj;bat</Extensions>
    </Filter>
    <Filter Include="Header Files">
      <UniqueIdentifier>{ff78af1d-3eee-4c01-8be1-27cf73dfe922}</UniqueIdentifier>
      <Extensions>h;hpp;hxx;hm;inl</Extensions>
    </Filter>
    <Filter Include="Resource Files">
      <UniqueIdentifier>{4e04f59d-bb70-4e67-a8d7-2b01fb6d0cd8}</UniqueIdentifier>
      <Extensions>ico;cur;bmp;dlg;rc2;rct;bin;cnt;rtf;gif;jpg;jpeg;jpe</Extensions>
    </Filter>
    <Filter Include="ChangeLogs">
      <UniqueIdentifier>{aefb7247-d6e5-411d-9cc5-4a12f5efda4a}</UniqueIdentifier>
    </Filter>
    <Filter Include="Compare Engines">
      <UniqueIdentifier>{b889169f-de55-4db7-ad06-423f6438fa90}</UniqueIdentifier>
      <Extensions>cpp;c;h</Extensions>
    </Filter>
    <Filter Include="MFCGui">
      <UniqueIdentifier>{caf52667-921a-47aa-84a3-f277aac15107}</UniqueIdentifier>
    </Filter>
    <Filter Include="MFCGui\Source Files">
      <UniqueIdentifier>{5dc3ba0d-6755-48f8-ad11-df56b167b514}</UniqueIdentifier>
    </Filter>
    <Filter Include="MFCGui\Header Files">
      <UniqueIdentifier>{10ce7aff-bcfd-4ed0-98c3-766226c4c89e}</UniqueIdentifier>
    </Filter>
    <Filter Include="MFCGui\Dialogs">
      <UniqueIdentifier>{d520b3a7-c530-4053-8766-07c26ed85f85}</UniqueIdentifier>
    </Filter>
    <Filter Include="MFCGui\Common">
      <UniqueIdentifier>{297182f0-e39d-4ac4-9df3-315882ce9e07}</UniqueIdentifier>
    </Filter>
    <Filter Include="Boost">
      <UniqueIdentifier>{09e2ca67-f223-4fd6-b380-aca4a63886b5}</UniqueIdentifier>
    </Filter>
    <Filter Include="Boost\config">
      <UniqueIdentifier>{6c139b98-08bf-4639-84f9-3848ad990352}</UniqueIdentifier>
    </Filter>
    <Filter Include="Boost\config\compiler">
      <UniqueIdentifier>{48b82f25-08b5-43e5-bc19-abd5bf4f0ea7}</UniqueIdentifier>
    </Filter>
    <Filter Include="MergeTest">
      <UniqueIdentifier>{63f0497b-0d8f-4660-b727-dac620d74635}</UniqueIdentifier>
    </Filter>
    <Filter Include="MergeTest\gtest">
      <UniqueIdentifier>{67c954df-e54f-4070-9c75-68ef52a00e03}</UniqueIdentifier>
    </Filter>
    <Filter Include="MFCGui\Common\Header Files">
      <UniqueIdentifier>{30ca9a5d-4b26-4d57-b39b-f7fe3e7c7abc}</UniqueIdentifier>
    </Filter>
    <Filter Include="MFCGui\Common\Source Files">
      <UniqueIdentifier>{567b3ec4-d358-4290-8a27-4e87c11cfb55}</UniqueIdentifier>
    </Filter>
    <Filter Include="MFCGui\Dialogs\Source Files">
      <UniqueIdentifier>{befda2e3-2f20-4080-89b1-803c6935bf05}</UniqueIdentifier>
    </Filter>
    <Filter Include="MFCGui\Dialogs\Header Files">
      <UniqueIdentifier>{a988a22b-3d18-4d67-bf3e-8912bf9940f2}</UniqueIdentifier>
    </Filter>
    <Filter Include="MFCGui\PropertyPages">
      <UniqueIdentifier>{c6b39fdf-7c68-42c3-895b-da25bb6e51b4}</UniqueIdentifier>
    </Filter>
    <Filter Include="MFCGui\PropertyPages\Source Files">
      <UniqueIdentifier>{bc0e280a-2589-4e45-883e-1eb0db655c07}</UniqueIdentifier>
    </Filter>
    <Filter Include="MFCGui\PropertyPages\Header Files">
      <UniqueIdentifier>{313fa20e-cf17-46e5-8ebf-c16b07786225}</UniqueIdentifier>
    </Filter>
    <Filter Include="Common">
      <UniqueIdentifier>{9545a3ff-6867-464f-a244-755ed58529e0}</UniqueIdentifier>
    </Filter>
    <Filter Include="Common\Header Files">
      <UniqueIdentifier>{cef4b0e0-5b0d-4f4f-8522-fe6eb66f3fa5}</UniqueIdentifier>
    </Filter>
    <Filter Include="Common\Source Files">
      <UniqueIdentifier>{ae04066b-7462-4a9b-8120-6d72fa5fe73e}</UniqueIdentifier>
    </Filter>
  </ItemGroup>
  <ItemGroup>
    <ClCompile Include="charsets.c">
      <Filter>Source Files</Filter>
    </ClCompile>
    <ClCompile Include="codepage_detect.cpp">
      <Filter>Source Files</Filter>
    </ClCompile>
    <ClCompile Include="CompareOptions.cpp">
      <Filter>Source Files</Filter>
    </ClCompile>
    <ClCompile Include="CompareStats.cpp">
      <Filter>Source Files</Filter>
    </ClCompile>
    <ClCompile Include="ConfigLog.cpp">
      <Filter>Source Files</Filter>
    </ClCompile>
    <ClCompile Include="ConflictFileParser.cpp">
      <Filter>Source Files</Filter>
    </ClCompile>
    <ClCompile Include="DiffContext.cpp">
      <Filter>Source Files</Filter>
    </ClCompile>
    <ClCompile Include="DiffFileData.cpp">
      <Filter>Source Files</Filter>
    </ClCompile>
    <ClCompile Include="DiffFileInfo.cpp">
      <Filter>Source Files</Filter>
    </ClCompile>
    <ClCompile Include="DiffItem.cpp">
      <Filter>Source Files</Filter>
    </ClCompile>
    <ClCompile Include="DiffItemList.cpp">
      <Filter>Source Files</Filter>
    </ClCompile>
    <ClCompile Include="DiffList.cpp">
      <Filter>Source Files</Filter>
    </ClCompile>
    <ClCompile Include="DiffThread.cpp">
      <Filter>Source Files</Filter>
    </ClCompile>
    <ClCompile Include="DiffWrapper.cpp">
      <Filter>Source Files</Filter>
    </ClCompile>
    <ClCompile Include="DirCmpReport.cpp">
      <Filter>Source Files</Filter>
    </ClCompile>
    <ClCompile Include="DirItem.cpp">
      <Filter>Source Files</Filter>
    </ClCompile>
    <ClCompile Include="DirScan.cpp">
      <Filter>Source Files</Filter>
    </ClCompile>
    <ClCompile Include="DirTravel.cpp">
      <Filter>Source Files</Filter>
    </ClCompile>
    <ClCompile Include="dllpstub.cpp">
      <Filter>Source Files</Filter>
    </ClCompile>
    <ClCompile Include="Environment.cpp">
      <Filter>Source Files</Filter>
    </ClCompile>
    <ClCompile Include="FileFilter.cpp">
      <Filter>Source Files</Filter>
    </ClCompile>
    <ClCompile Include="FileFilterHelper.cpp">
      <Filter>Source Files</Filter>
    </ClCompile>
    <ClCompile Include="FileFilterMgr.cpp">
      <Filter>Source Files</Filter>
    </ClCompile>
    <ClCompile Include="FileFlags.cpp">
      <Filter>Source Files</Filter>
    </ClCompile>
    <ClCompile Include="FileTextEncoding.cpp">
      <Filter>Source Files</Filter>
    </ClCompile>
    <ClCompile Include="FileTransform.cpp">
      <Filter>Source Files</Filter>
    </ClCompile>
    <ClCompile Include="FileVersion.cpp">
      <Filter>Source Files</Filter>
    </ClCompile>
    <ClCompile Include="FilterList.cpp">
      <Filter>Source Files</Filter>
    </ClCompile>
    <ClCompile Include="FolderCmp.cpp">
      <Filter>Source Files</Filter>
    </ClCompile>
    <ClCompile Include="locality.cpp">
      <Filter>Source Files</Filter>
    </ClCompile>
    <ClCompile Include="markdown.cpp">
      <Filter>Source Files</Filter>
    </ClCompile>
    <ClCompile Include="MergeCmdLineInfo.cpp">
      <Filter>Source Files</Filter>
    </ClCompile>
    <ClCompile Include="MovedBlocks.cpp">
      <Filter>Source Files</Filter>
    </ClCompile>
    <ClCompile Include="MovedLines.cpp">
      <Filter>Source Files</Filter>
    </ClCompile>
    <ClCompile Include="OptionsInit.cpp">
      <Filter>Source Files</Filter>
    </ClCompile>
    <ClCompile Include="PatchHTML.cpp">
      <Filter>Source Files</Filter>
    </ClCompile>
    <ClCompile Include="PathContext.cpp">
      <Filter>Source Files</Filter>
    </ClCompile>
    <ClCompile Include="paths.cpp">
      <Filter>Source Files</Filter>
    </ClCompile>
    <ClCompile Include="PluginManager.cpp">
      <Filter>Source Files</Filter>
    </ClCompile>
    <ClCompile Include="Plugins.cpp">
      <Filter>Source Files</Filter>
    </ClCompile>
    <ClCompile Include="ProjectFile.cpp">
      <Filter>Source Files</Filter>
    </ClCompile>
    <ClCompile Include="stringdiffs.cpp">
      <Filter>Source Files</Filter>
    </ClCompile>
    <ClCompile Include="TempFile.cpp">
      <Filter>Source Files</Filter>
    </ClCompile>
    <ClCompile Include="MergeApp.cpp">
      <Filter>Source Files</Filter>
    </ClCompile>
    <ClCompile Include="7zCommon.cpp">
      <Filter>MFCGui\Source Files</Filter>
    </ClCompile>
    <ClCompile Include="DiffTextBuffer.cpp">
      <Filter>MFCGui\Source Files</Filter>
    </ClCompile>
    <ClCompile Include="DiffViewBar.cpp">
      <Filter>MFCGui\Source Files</Filter>
    </ClCompile>
    <ClCompile Include="DirDoc.cpp">
      <Filter>MFCGui\Source Files</Filter>
    </ClCompile>
    <ClCompile Include="DirFrame.cpp">
      <Filter>MFCGui\Source Files</Filter>
    </ClCompile>
    <ClCompile Include="DirView.cpp">
      <Filter>MFCGui\Source Files</Filter>
    </ClCompile>
    <ClCompile Include="EditorFilepathBar.cpp">
      <Filter>MFCGui\Source Files</Filter>
    </ClCompile>
    <ClCompile Include="EncodingErrorBar.cpp">
      <Filter>MFCGui\Source Files</Filter>
    </ClCompile>
    <ClCompile Include="FileActionScript.cpp">
      <Filter>MFCGui\Source Files</Filter>
    </ClCompile>
    <ClCompile Include="FileOrFolderSelect.cpp">
      <Filter>MFCGui\Source Files</Filter>
    </ClCompile>
    <ClCompile Include="FilepathEdit.cpp">
      <Filter>MFCGui\Source Files</Filter>
    </ClCompile>
    <ClCompile Include="GhostTextBuffer.cpp">
      <Filter>MFCGui\Source Files</Filter>
    </ClCompile>
    <ClCompile Include="GhostTextView.cpp">
      <Filter>MFCGui\Source Files</Filter>
    </ClCompile>
    <ClCompile Include="HexMergeDoc.cpp">
      <Filter>MFCGui\Source Files</Filter>
    </ClCompile>
    <ClCompile Include="HexMergeFrm.cpp">
      <Filter>MFCGui\Source Files</Filter>
    </ClCompile>
    <ClCompile Include="HexMergeView.cpp">
      <Filter>MFCGui\Source Files</Filter>
    </ClCompile>
    <ClCompile Include="LocationBar.cpp">
      <Filter>MFCGui\Source Files</Filter>
    </ClCompile>
    <ClCompile Include="LocationView.cpp">
      <Filter>MFCGui\Source Files</Filter>
    </ClCompile>
    <ClCompile Include="MainFrm.cpp">
      <Filter>MFCGui\Source Files</Filter>
    </ClCompile>
    <ClCompile Include="Merge.cpp">
      <Filter>MFCGui\Source Files</Filter>
    </ClCompile>
    <ClCompile Include="MergeDoc.cpp">
      <Filter>MFCGui\Source Files</Filter>
    </ClCompile>
    <ClCompile Include="MergeDocDiffSync.cpp">
      <Filter>MFCGui\Source Files</Filter>
    </ClCompile>
    <ClCompile Include="MergeDocEncoding.cpp">
      <Filter>MFCGui\Source Files</Filter>
    </ClCompile>
    <ClCompile Include="MergeDocLineDiffs.cpp">
      <Filter>MFCGui\Source Files</Filter>
    </ClCompile>
    <ClCompile Include="MergeEditView.cpp">
      <Filter>MFCGui\Source Files</Filter>
    </ClCompile>
    <ClCompile Include="OpenDoc.cpp">
      <Filter>MFCGui\Source Files</Filter>
    </ClCompile>
    <ClCompile Include="OpenFrm.cpp">
      <Filter>MFCGui\Source Files</Filter>
    </ClCompile>
    <ClCompile Include="OpenView.cpp">
      <Filter>MFCGui\Source Files</Filter>
    </ClCompile>
    <ClCompile Include="StdAfx.cpp">
      <Filter>MFCGui\Source Files</Filter>
    </ClCompile>
    <ClCompile Include="DirCompProgressBar.cpp">
      <Filter>MFCGui\Source Files</Filter>
    </ClCompile>
    <ClCompile Include="OptionsFont.cpp">
      <Filter>Source Files</Filter>
    </ClCompile>
    <ClCompile Include="OptionsSyntaxColors.cpp">
      <Filter>Source Files</Filter>
    </ClCompile>
    <ClCompile Include="OptionsDiffColors.cpp">
      <Filter>Source Files</Filter>
    </ClCompile>
    <ClCompile Include="OptionsDiffOptions.cpp">
      <Filter>Source Files</Filter>
    </ClCompile>
    <ClCompile Include="OptionsDirColors.cpp">
      <Filter>Source Files</Filter>
    </ClCompile>
    <ClCompile Include="PatchTool.cpp">
      <Filter>MFCGui\Source Files</Filter>
    </ClCompile>
    <ClCompile Include="JumpList.cpp">
      <Filter>Source Files</Filter>
    </ClCompile>
    <ClCompile Include="OptionsCustomColors.cpp">
      <Filter>Source Files</Filter>
    </ClCompile>
    <ClCompile Include="ImgMergeFrm.cpp">
      <Filter>MFCGui\Source Files</Filter>
    </ClCompile>
    <ClCompile Include="Merge7zFormatMergePluginImpl.cpp">
      <Filter>Source Files</Filter>
    </ClCompile>
    <ClCompile Include="LineFiltersList.cpp">
      <Filter>Source Files</Filter>
    </ClCompile>
    <ClCompile Include="DirViewColItems.cpp">
      <Filter>Source Files</Filter>
    </ClCompile>
    <ClCompile Include="DirActions.cpp">
      <Filter>Source Files</Filter>
    </ClCompile>
    <ClCompile Include="DropHandler.cpp">
      <Filter>MFCGui\Source Files</Filter>
    </ClCompile>
    <ClCompile Include="OptionsDef.cpp">
      <Filter>Source Files</Filter>
    </ClCompile>
    <ClCompile Include="TrDialogs.cpp">
      <Filter>MFCGui\Source Files</Filter>
    </ClCompile>
    <ClCompile Include="MergeStatusBar.cpp">
      <Filter>MFCGui\Source Files</Filter>
    </ClCompile>
    <ClCompile Include="MergeEditSplitterView.cpp">
      <Filter>MFCGui\Source Files</Filter>
    </ClCompile>
    <ClCompile Include="Test.cpp">
      <Filter>MergeTest</Filter>
    </ClCompile>
    <ClCompile Include="TestMain.cpp">
      <Filter>MergeTest</Filter>
    </ClCompile>
    <ClCompile Include="..\Externals\gtest\src\gtest-all.cc">
      <Filter>MergeTest\gtest</Filter>
    </ClCompile>
    <ClCompile Include="Merge7zFormatShellImpl.cpp">
      <Filter>Source Files</Filter>
    </ClCompile>
    <ClCompile Include="pch.cpp">
      <Filter>Source Files</Filter>
    </ClCompile>
    <ClCompile Include="OptionsPanel.cpp">
      <Filter>MFCGui\Source Files</Filter>
    </ClCompile>
    <ClCompile Include="MergeEditFrm.cpp">
      <Filter>MFCGui\Source Files</Filter>
    </ClCompile>
    <ClCompile Include="Common\BCMenu.cpp">
      <Filter>MFCGui\Common\Source Files</Filter>
    </ClCompile>
    <ClCompile Include="Common\Bitmap.cpp">
      <Filter>MFCGui\Common\Source Files</Filter>
    </ClCompile>
    <ClCompile Include="Common\CMoveConstraint.cpp">
      <Filter>MFCGui\Common\Source Files</Filter>
    </ClCompile>
    <ClCompile Include="Common\ColorButton.cpp">
      <Filter>MFCGui\Common\Source Files</Filter>
    </ClCompile>
    <ClCompile Include="Common\LanguageSelect.cpp">
      <Filter>MFCGui\Common\Source Files</Filter>
    </ClCompile>
    <ClCompile Include="Common\MDITabBar.cpp">
      <Filter>MFCGui\Common\Source Files</Filter>
    </ClCompile>
    <ClCompile Include="Common\MessageBoxDialog.cpp">
      <Filter>MFCGui\Common\Source Files</Filter>
    </ClCompile>
    <ClCompile Include="Common\PropertyPageHost.cpp">
      <Filter>MFCGui\Common\Source Files</Filter>
    </ClCompile>
    <ClCompile Include="Common\scbarcf.cpp">
      <Filter>MFCGui\Common\Source Files</Filter>
    </ClCompile>
    <ClCompile Include="Common\scbarg.cpp">
      <Filter>MFCGui\Common\Source Files</Filter>
    </ClCompile>
    <ClCompile Include="Common\sizecbar.cpp">
      <Filter>MFCGui\Common\Source Files</Filter>
    </ClCompile>
    <ClCompile Include="Common\SortHeaderCtrl.cpp">
      <Filter>MFCGui\Common\Source Files</Filter>
    </ClCompile>
    <ClCompile Include="Common\SplitterWndEx.cpp">
      <Filter>MFCGui\Common\Source Files</Filter>
    </ClCompile>
    <ClCompile Include="Common\SuperComboBox.cpp">
      <Filter>MFCGui\Common\Source Files</Filter>
    </ClCompile>
    <ClCompile Include="AboutDlg.cpp">
      <Filter>MFCGui\Dialogs\Source Files</Filter>
    </ClCompile>
    <ClCompile Include="CompareStatisticsDlg.cpp">
      <Filter>MFCGui\Dialogs\Source Files</Filter>
    </ClCompile>
    <ClCompile Include="ConfirmFolderCopyDlg.cpp">
      <Filter>MFCGui\Dialogs\Source Files</Filter>
    </ClCompile>
    <ClCompile Include="DirCmpReportDlg.cpp">
      <Filter>MFCGui\Dialogs\Source Files</Filter>
    </ClCompile>
    <ClCompile Include="DirColsDlg.cpp">
      <Filter>MFCGui\Dialogs\Source Files</Filter>
    </ClCompile>
    <ClCompile Include="FileFiltersDlg.cpp">
      <Filter>MFCGui\Dialogs\Source Files</Filter>
    </ClCompile>
    <ClCompile Include="LineFiltersDlg.cpp">
      <Filter>MFCGui\Dialogs\Source Files</Filter>
    </ClCompile>
    <ClCompile Include="SubeditList.cpp">
      <Filter>MFCGui\Dialogs\Source Files</Filter>
    </ClCompile>
    <ClCompile Include="LoadSaveCodepageDlg.cpp">
      <Filter>MFCGui\Dialogs\Source Files</Filter>
    </ClCompile>
    <ClCompile Include="PatchDlg.cpp">
      <Filter>MFCGui\Dialogs\Source Files</Filter>
    </ClCompile>
    <ClCompile Include="PluginsListDlg.cpp">
      <Filter>MFCGui\Dialogs\Source Files</Filter>
    </ClCompile>
    <ClCompile Include="Common\PreferencesDlg.cpp">
      <Filter>MFCGui\Dialogs\Source Files</Filter>
    </ClCompile>
    <ClCompile Include="SaveClosingDlg.cpp">
      <Filter>MFCGui\Dialogs\Source Files</Filter>
    </ClCompile>
    <ClCompile Include="SelectPluginDlg.cpp">
      <Filter>MFCGui\Dialogs\Source Files</Filter>
    </ClCompile>
    <ClCompile Include="SharedFilterDlg.cpp">
      <Filter>MFCGui\Dialogs\Source Files</Filter>
    </ClCompile>
    <ClCompile Include="TestFilterDlg.cpp">
      <Filter>MFCGui\Dialogs\Source Files</Filter>
    </ClCompile>
    <ClCompile Include="WMGotoDlg.cpp">
      <Filter>MFCGui\Dialogs\Source Files</Filter>
    </ClCompile>
    <ClCompile Include="PropArchive.cpp">
      <Filter>MFCGui\PropertyPages\Source Files</Filter>
    </ClCompile>
    <ClCompile Include="PropBackups.cpp">
      <Filter>MFCGui\PropertyPages\Source Files</Filter>
    </ClCompile>
    <ClCompile Include="PropCodepage.cpp">
      <Filter>MFCGui\PropertyPages\Source Files</Filter>
    </ClCompile>
    <ClCompile Include="PropCompare.cpp">
      <Filter>MFCGui\PropertyPages\Source Files</Filter>
    </ClCompile>
    <ClCompile Include="PropCompareBinary.cpp">
      <Filter>MFCGui\PropertyPages\Source Files</Filter>
    </ClCompile>
    <ClCompile Include="PropCompareFolder.cpp">
      <Filter>MFCGui\PropertyPages\Source Files</Filter>
    </ClCompile>
    <ClCompile Include="PropCompareImage.cpp">
      <Filter>MFCGui\PropertyPages\Source Files</Filter>
    </ClCompile>
    <ClCompile Include="PropDirColors.cpp">
      <Filter>MFCGui\PropertyPages\Source Files</Filter>
    </ClCompile>
    <ClCompile Include="PropEditor.cpp">
      <Filter>MFCGui\PropertyPages\Source Files</Filter>
    </ClCompile>
    <ClCompile Include="PropGeneral.cpp">
      <Filter>MFCGui\PropertyPages\Source Files</Filter>
    </ClCompile>
    <ClCompile Include="PropMarkerColors.cpp">
      <Filter>MFCGui\PropertyPages\Source Files</Filter>
    </ClCompile>
    <ClCompile Include="PropRegistry.cpp">
      <Filter>MFCGui\PropertyPages\Source Files</Filter>
    </ClCompile>
    <ClCompile Include="PropShell.cpp">
      <Filter>MFCGui\PropertyPages\Source Files</Filter>
    </ClCompile>
    <ClCompile Include="PropSyntaxColors.cpp">
      <Filter>MFCGui\PropertyPages\Source Files</Filter>
    </ClCompile>
    <ClCompile Include="PropTextColors.cpp">
      <Filter>MFCGui\PropertyPages\Source Files</Filter>
    </ClCompile>
    <ClCompile Include="Common\ClipBoard.cpp">
      <Filter>Common\Source Files</Filter>
    </ClCompile>
    <ClCompile Include="Common\coretools.cpp">
      <Filter>Common\Source Files</Filter>
    </ClCompile>
    <ClCompile Include="Common\lwdisp.c">
      <Filter>Common\Source Files</Filter>
    </ClCompile>
    <ClCompile Include="Common\RegKey.cpp">
      <Filter>Common\Source Files</Filter>
    </ClCompile>
    <ClCompile Include="Common\ShellFileOperations.cpp">
      <Filter>Common\Source Files</Filter>
    </ClCompile>
    <ClCompile Include="Common\UniFile.cpp">
      <Filter>Common\Source Files</Filter>
    </ClCompile>
    <ClCompile Include="Common\UnicodeString.cpp">
      <Filter>Common\Source Files</Filter>
    </ClCompile>
    <ClCompile Include="Common\unicoder.cpp">
      <Filter>Common\Source Files</Filter>
    </ClCompile>
    <ClCompile Include="Common\RegOptionsMgr.cpp">
      <Filter>Common\Source Files</Filter>
    </ClCompile>
    <ClCompile Include="Common\PidlContainer.cpp">
      <Filter>Common\Source Files</Filter>
    </ClCompile>
    <ClCompile Include="common\OptionsMgr.cpp">
      <Filter>Common\Source Files</Filter>
    </ClCompile>
    <ClCompile Include="Common\multiformatText.cpp">
      <Filter>Common\Source Files</Filter>
    </ClCompile>
    <ClCompile Include="Common\ExConverter.cpp">
      <Filter>Common\Source Files</Filter>
    </ClCompile>
    <ClCompile Include="Common\varprop.cpp">
      <Filter>Common\Source Files</Filter>
    </ClCompile>
    <ClCompile Include="Common\VersionInfo.cpp">
      <Filter>Common\Source Files</Filter>
    </ClCompile>
    <ClCompile Include="Common\ShellContextMenu.cpp">
      <Filter>Common\Source Files</Filter>
    </ClCompile>
    <ClCompile Include="xdiff_gnudiff_compat.cpp">
      <Filter>Source Files</Filter>
    </ClCompile>
    <ClCompile Include="MergeFrameCommon.cpp">
      <Filter>MFCGui\Source Files</Filter>
    </ClCompile>
    <ClCompile Include="DirSelectFilesDlg.cpp">
      <Filter>MFCGui\Dialogs\Source Files</Filter>
    </ClCompile>
    <ClCompile Include="WindowsManagerDialog.cpp">
      <Filter>MFCGui\Source Files</Filter>
    </ClCompile>
    <ClCompile Include="Concurrent.cpp">
      <Filter>Source Files</Filter>
    </ClCompile>
    <ClCompile Include="PropMergeColors.cpp">
      <Filter>MFCGui\PropertyPages\Source Files</Filter>
    </ClCompile>
    <ClCompile Include="PropColorSchemes.cpp">
      <Filter>MFCGui\PropertyPages\Source Files</Filter>
    </ClCompile>
    <ClCompile Include="PropCompareTable.cpp">
      <Filter>MFCGui\PropertyPages\Source Files</Filter>
    </ClCompile>
    <ClCompile Include="OpenTableDlg.cpp">
      <Filter>MFCGui\Dialogs\Source Files</Filter>
    </ClCompile>
    <ClCompile Include="WildcardDropList.cpp">
      <Filter>MFCGui\PropertyPages\Source Files</Filter>
    </ClCompile>
    <ClCompile Include="SubstitutionFiltersDlg.cpp">
      <Filter>MFCGui\Dialogs\Source Files</Filter>
    </ClCompile>
    <ClCompile Include="SubstitutionList.cpp">
      <Filter>Source Files</Filter>
    </ClCompile>
    <ClCompile Include="SubstitutionFiltersList.cpp">
      <Filter>Source Files</Filter>
    </ClCompile>
    <ClCompile Include="PropEditorSyntax.cpp">
      <Filter>MFCGui\PropertyPages\Source Files</Filter>
    </ClCompile>
    <ClCompile Include="OptionsEditorSyntax.cpp">
      <Filter>Source Files</Filter>
    </ClCompile>
    <ClCompile Include="Common\Shell.cpp">
      <Filter>Common\Source Files</Filter>
    </ClCompile>
    <ClCompile Include="Common\IniOptionsMgr.cpp">
      <Filter>Common\Source Files</Filter>
    </ClCompile>
    <ClCompile Include="InternalPlugins.cpp">
      <Filter>Source Files</Filter>
    </ClCompile>
  </ItemGroup>
  <ItemGroup>
    <ClInclude Include="charsets.h">
      <Filter>Header Files</Filter>
    </ClInclude>
    <ClInclude Include="codepage_detect.h">
      <Filter>Header Files</Filter>
    </ClInclude>
    <ClInclude Include="CompareOptions.h">
      <Filter>Header Files</Filter>
    </ClInclude>
    <ClInclude Include="CompareStats.h">
      <Filter>Header Files</Filter>
    </ClInclude>
    <ClInclude Include="ConfigLog.h">
      <Filter>Header Files</Filter>
    </ClInclude>
    <ClInclude Include="ConflictFileParser.h">
      <Filter>Header Files</Filter>
    </ClInclude>
    <ClInclude Include="DiffContext.h">
      <Filter>Header Files</Filter>
    </ClInclude>
    <ClInclude Include="DiffFileData.h">
      <Filter>Header Files</Filter>
    </ClInclude>
    <ClInclude Include="DiffFileInfo.h">
      <Filter>Header Files</Filter>
    </ClInclude>
    <ClInclude Include="DiffItem.h">
      <Filter>Header Files</Filter>
    </ClInclude>
    <ClInclude Include="DiffItemList.h">
      <Filter>Header Files</Filter>
    </ClInclude>
    <ClInclude Include="DiffList.h">
      <Filter>Header Files</Filter>
    </ClInclude>
    <ClInclude Include="DiffThread.h">
      <Filter>Header Files</Filter>
    </ClInclude>
    <ClInclude Include="DiffWrapper.h">
      <Filter>Header Files</Filter>
    </ClInclude>
    <ClInclude Include="DirCmpReport.h">
      <Filter>Header Files</Filter>
    </ClInclude>
    <ClInclude Include="DirItem.h">
      <Filter>Header Files</Filter>
    </ClInclude>
    <ClInclude Include="DirReportTypes.h">
      <Filter>Header Files</Filter>
    </ClInclude>
    <ClInclude Include="DirScan.h">
      <Filter>Header Files</Filter>
    </ClInclude>
    <ClInclude Include="DirTravel.h">
      <Filter>Header Files</Filter>
    </ClInclude>
    <ClInclude Include="dllpstub.h">
      <Filter>Header Files</Filter>
    </ClInclude>
    <ClInclude Include="Environment.h">
      <Filter>Header Files</Filter>
    </ClInclude>
    <ClInclude Include="Exceptions.h">
      <Filter>Header Files</Filter>
    </ClInclude>
    <ClInclude Include="FileFilter.h">
      <Filter>Header Files</Filter>
    </ClInclude>
    <ClInclude Include="FileFilterHelper.h">
      <Filter>Header Files</Filter>
    </ClInclude>
    <ClInclude Include="FileFilterMgr.h">
      <Filter>Header Files</Filter>
    </ClInclude>
    <ClInclude Include="FileFlags.h">
      <Filter>Header Files</Filter>
    </ClInclude>
    <ClInclude Include="FileLocation.h">
      <Filter>Header Files</Filter>
    </ClInclude>
    <ClInclude Include="files.h">
      <Filter>Header Files</Filter>
    </ClInclude>
    <ClInclude Include="FileTextEncoding.h">
      <Filter>Header Files</Filter>
    </ClInclude>
    <ClInclude Include="FileTextStats.h">
      <Filter>Header Files</Filter>
    </ClInclude>
    <ClInclude Include="FileTransform.h">
      <Filter>Header Files</Filter>
    </ClInclude>
    <ClInclude Include="FileVersion.h">
      <Filter>Header Files</Filter>
    </ClInclude>
    <ClInclude Include="FilterList.h">
      <Filter>Header Files</Filter>
    </ClInclude>
    <ClInclude Include="FolderCmp.h">
      <Filter>Header Files</Filter>
    </ClInclude>
    <ClInclude Include="IAbortable.h">
      <Filter>Header Files</Filter>
    </ClInclude>
    <ClInclude Include="IntToIntMap.h">
      <Filter>Header Files</Filter>
    </ClInclude>
    <ClInclude Include="locality.h">
      <Filter>Header Files</Filter>
    </ClInclude>
    <ClInclude Include="markdown.h">
      <Filter>Header Files</Filter>
    </ClInclude>
    <ClInclude Include="MergeCmdLineInfo.h">
      <Filter>Header Files</Filter>
    </ClInclude>
    <ClInclude Include="MovedLines.h">
      <Filter>Header Files</Filter>
    </ClInclude>
    <ClInclude Include="OptionsDef.h">
      <Filter>Header Files</Filter>
    </ClInclude>
    <ClInclude Include="PatchHTML.h">
      <Filter>Header Files</Filter>
    </ClInclude>
    <ClInclude Include="PathContext.h">
      <Filter>Header Files</Filter>
    </ClInclude>
    <ClInclude Include="paths.h">
      <Filter>Header Files</Filter>
    </ClInclude>
    <ClInclude Include="PluginManager.h">
      <Filter>Header Files</Filter>
    </ClInclude>
    <ClInclude Include="Plugins.h">
      <Filter>Header Files</Filter>
    </ClInclude>
    <ClInclude Include="ProjectFile.h">
      <Filter>Header Files</Filter>
    </ClInclude>
    <ClInclude Include="stringdiffs.h">
      <Filter>Header Files</Filter>
    </ClInclude>
    <ClInclude Include="stringdiffsi.h">
      <Filter>Header Files</Filter>
    </ClInclude>
    <ClInclude Include="TempFile.h">
      <Filter>Header Files</Filter>
    </ClInclude>
    <ClInclude Include="StdAfx.h">
      <Filter>MFCGui\Header Files</Filter>
    </ClInclude>
    <ClInclude Include="Resource.h">
      <Filter>MFCGui\Header Files</Filter>
    </ClInclude>
    <ClInclude Include="OpenFrm.h">
      <Filter>MFCGui\Header Files</Filter>
    </ClInclude>
    <ClInclude Include="OpenView.h">
      <Filter>MFCGui\Header Files</Filter>
    </ClInclude>
    <ClInclude Include="OpenDoc.h">
      <Filter>MFCGui\Header Files</Filter>
    </ClInclude>
    <ClInclude Include="MergeEditView.h">
      <Filter>MFCGui\Header Files</Filter>
    </ClInclude>
    <ClInclude Include="MergeEditStatus.h">
      <Filter>MFCGui\Header Files</Filter>
    </ClInclude>
    <ClInclude Include="MergeDoc.h">
      <Filter>MFCGui\Header Files</Filter>
    </ClInclude>
    <ClInclude Include="Merge.h">
      <Filter>MFCGui\Header Files</Filter>
    </ClInclude>
    <ClInclude Include="MainFrm.h">
      <Filter>MFCGui\Header Files</Filter>
    </ClInclude>
    <ClInclude Include="LocationView.h">
      <Filter>MFCGui\Header Files</Filter>
    </ClInclude>
    <ClInclude Include="LocationBar.h">
      <Filter>MFCGui\Header Files</Filter>
    </ClInclude>
    <ClInclude Include="IOptionsPanel.h">
      <Filter>MFCGui\Header Files</Filter>
    </ClInclude>
    <ClInclude Include="HexMergeFrm.h">
      <Filter>MFCGui\Header Files</Filter>
    </ClInclude>
    <ClInclude Include="heksedit.h">
      <Filter>MFCGui\Header Files</Filter>
    </ClInclude>
    <ClInclude Include="HexMergeDoc.h">
      <Filter>MFCGui\Header Files</Filter>
    </ClInclude>
    <ClInclude Include="GhostTextView.h">
      <Filter>MFCGui\Header Files</Filter>
    </ClInclude>
    <ClInclude Include="GhostTextBuffer.h">
      <Filter>MFCGui\Header Files</Filter>
    </ClInclude>
    <ClInclude Include="FileOrFolderSelect.h">
      <Filter>MFCGui\Header Files</Filter>
    </ClInclude>
    <ClInclude Include="DiffViewBar.h">
      <Filter>MFCGui\Header Files</Filter>
    </ClInclude>
    <ClInclude Include="DiffTextBuffer.h">
      <Filter>MFCGui\Header Files</Filter>
    </ClInclude>
    <ClInclude Include="DirDoc.h">
      <Filter>MFCGui\Header Files</Filter>
    </ClInclude>
    <ClInclude Include="DirFrame.h">
      <Filter>MFCGui\Header Files</Filter>
    </ClInclude>
    <ClInclude Include="DirView.h">
      <Filter>MFCGui\Header Files</Filter>
    </ClInclude>
    <ClInclude Include="EditorFilepathBar.h">
      <Filter>MFCGui\Header Files</Filter>
    </ClInclude>
    <ClInclude Include="EncodingErrorBar.h">
      <Filter>MFCGui\Header Files</Filter>
    </ClInclude>
    <ClInclude Include="FileActionScript.h">
      <Filter>MFCGui\Header Files</Filter>
    </ClInclude>
    <ClInclude Include="FilepathEdit.h">
      <Filter>MFCGui\Header Files</Filter>
    </ClInclude>
    <ClInclude Include="IListCtrlImpl.h">
      <Filter>MFCGui\Header Files</Filter>
    </ClInclude>
    <ClInclude Include="MergeLineFlags.h">
      <Filter>MFCGui\Header Files</Filter>
    </ClInclude>
    <ClInclude Include="MergeApp.h">
      <Filter>Header Files</Filter>
    </ClInclude>
    <ClInclude Include="DirCompProgressBar.h">
      <Filter>MFCGui\Header Files</Filter>
    </ClInclude>
    <ClInclude Include="Diff3.h">
      <Filter>Header Files</Filter>
    </ClInclude>
    <ClInclude Include="OptionsFont.h">
      <Filter>Header Files</Filter>
    </ClInclude>
    <ClInclude Include="OptionsSyntaxColors.h">
      <Filter>Header Files</Filter>
    </ClInclude>
    <ClInclude Include="OptionsDiffColors.h">
      <Filter>Header Files</Filter>
    </ClInclude>
    <ClInclude Include="OptionsDiffOptions.h">
      <Filter>Header Files</Filter>
    </ClInclude>
    <ClInclude Include="OptionsDirColors.h">
      <Filter>Header Files</Filter>
    </ClInclude>
    <ClInclude Include="PatchTool.h">
      <Filter>MFCGui\Header Files</Filter>
    </ClInclude>
    <ClInclude Include="JumpList.h">
      <Filter>Header Files</Filter>
    </ClInclude>
    <ClInclude Include="OptionsCustomColors.h">
      <Filter>Header Files</Filter>
    </ClInclude>
    <ClInclude Include="7zCommon.h">
      <Filter>MFCGui\Header Files</Filter>
    </ClInclude>
    <ClInclude Include="ImgMergeFrm.h">
      <Filter>MFCGui\Header Files</Filter>
    </ClInclude>
    <ClInclude Include="IMergeDoc.h">
      <Filter>Header Files</Filter>
    </ClInclude>
    <ClInclude Include="Merge7zFormatMergePluginImpl.h">
      <Filter>Header Files</Filter>
    </ClInclude>
    <ClInclude Include="Merge7zFormatRegister.h">
      <Filter>Header Files</Filter>
    </ClInclude>
    <ClInclude Include="DirViewColItems.h">
      <Filter>Header Files</Filter>
    </ClInclude>
    <ClInclude Include="DirActions.h">
      <Filter>Header Files</Filter>
    </ClInclude>
    <ClInclude Include="HexMergeView.h">
      <Filter>MFCGui\Header Files</Filter>
    </ClInclude>
    <ClInclude Include="OptionsPanel.h">
      <Filter>MFCGui\Header Files</Filter>
    </ClInclude>
    <ClInclude Include="DropHandler.h">
      <Filter>MFCGui\Header Files</Filter>
    </ClInclude>
    <ClInclude Include="Constants.h">
      <Filter>Header Files</Filter>
    </ClInclude>
    <ClInclude Include="OptionsInit.h">
      <Filter>Header Files</Filter>
    </ClInclude>
    <ClInclude Include="TrDialogs.h">
      <Filter>MFCGui\Header Files</Filter>
    </ClInclude>
    <ClInclude Include="MergeStatusBar.h">
      <Filter>MFCGui\Header Files</Filter>
    </ClInclude>
    <ClInclude Include="..\Externals\boost\boost\config.hpp">
      <Filter>Boost</Filter>
    </ClInclude>
    <ClInclude Include="..\Externals\boost\boost\config\compiler\visualc.hpp">
      <Filter>Boost\config\compiler</Filter>
    </ClInclude>
    <ClInclude Include="..\Externals\boost\boost\config\select_compiler_config.hpp">
      <Filter>Boost\config</Filter>
    </ClInclude>
    <ClInclude Include="..\Version.h">
      <Filter>Header Files</Filter>
    </ClInclude>
    <ClInclude Include="MergeEditSplitterView.h">
      <Filter>MFCGui\Header Files</Filter>
    </ClInclude>
    <ClInclude Include="TestMain.h">
      <Filter>MergeTest</Filter>
    </ClInclude>
    <ClInclude Include="Win_VersionHelper.h">
      <Filter>Header Files</Filter>
    </ClInclude>
    <ClInclude Include="..\Externals\gtest\include\gtest\gtest.h">
      <Filter>MergeTest\gtest</Filter>
    </ClInclude>
    <ClInclude Include="..\Externals\gtest\include\gtest\gtest-printers.h">
      <Filter>MergeTest\gtest</Filter>
    </ClInclude>
    <ClInclude Include="..\Externals\gtest\include\gtest\internal\gtest-port.h">
      <Filter>MergeTest\gtest</Filter>
    </ClInclude>
    <ClInclude Include="Merge7zFormatShellImpl.h">
      <Filter>Header Files</Filter>
    </ClInclude>
    <ClInclude Include="pch.h">
      <Filter>Header Files</Filter>
    </ClInclude>
    <ClInclude Include="MergeEditFrm.h">
      <Filter>MFCGui\Header Files</Filter>
    </ClInclude>
    <ClInclude Include="Common\BCMenu.h">
      <Filter>MFCGui\Common\Header Files</Filter>
    </ClInclude>
    <ClInclude Include="Common\Bitmap.h">
      <Filter>MFCGui\Common\Header Files</Filter>
    </ClInclude>
    <ClInclude Include="Common\CMoveConstraint.h">
      <Filter>MFCGui\Common\Header Files</Filter>
    </ClInclude>
    <ClInclude Include="Common\ColorButton.h">
      <Filter>MFCGui\Common\Header Files</Filter>
    </ClInclude>
    <ClInclude Include="Common\LanguageSelect.h">
      <Filter>MFCGui\Common\Header Files</Filter>
    </ClInclude>
    <ClInclude Include="Common\MDITabBar.h">
      <Filter>MFCGui\Common\Header Files</Filter>
    </ClInclude>
    <ClInclude Include="Common\memdc.h">
      <Filter>MFCGui\Common\Header Files</Filter>
    </ClInclude>
    <ClInclude Include="Common\MessageBoxDialog.h">
      <Filter>MFCGui\Common\Header Files</Filter>
    </ClInclude>
    <ClInclude Include="Common\scbarcf.h">
      <Filter>MFCGui\Common\Header Files</Filter>
    </ClInclude>
    <ClInclude Include="Common\PropertyPageHost.h">
      <Filter>MFCGui\Common\Header Files</Filter>
    </ClInclude>
    <ClInclude Include="Common\scbarg.h">
      <Filter>MFCGui\Common\Header Files</Filter>
    </ClInclude>
    <ClInclude Include="Common\sizecbar.h">
      <Filter>MFCGui\Common\Header Files</Filter>
    </ClInclude>
    <ClInclude Include="Common\SortHeaderCtrl.h">
      <Filter>MFCGui\Common\Header Files</Filter>
    </ClInclude>
    <ClInclude Include="Common\SplitterWndEx.h">
      <Filter>MFCGui\Common\Header Files</Filter>
    </ClInclude>
    <ClInclude Include="Common\SuperComboBox.h">
      <Filter>MFCGui\Common\Header Files</Filter>
    </ClInclude>
    <ClInclude Include="AboutDlg.h">
      <Filter>MFCGui\Dialogs\Header Files</Filter>
    </ClInclude>
    <ClInclude Include="CompareStatisticsDlg.h">
      <Filter>MFCGui\Dialogs\Header Files</Filter>
    </ClInclude>
    <ClInclude Include="ConfirmFolderCopyDlg.h">
      <Filter>MFCGui\Dialogs\Header Files</Filter>
    </ClInclude>
    <ClInclude Include="DirCmpReportDlg.h">
      <Filter>MFCGui\Dialogs\Header Files</Filter>
    </ClInclude>
    <ClInclude Include="DirColsDlg.h">
      <Filter>MFCGui\Dialogs\Header Files</Filter>
    </ClInclude>
    <ClInclude Include="FileFiltersDlg.h">
      <Filter>MFCGui\Dialogs\Header Files</Filter>
    </ClInclude>
    <ClInclude Include="LineFiltersDlg.h">
      <Filter>MFCGui\Dialogs\Header Files</Filter>
    </ClInclude>
    <ClInclude Include="LoadSaveCodepageDlg.h">
      <Filter>MFCGui\Dialogs\Header Files</Filter>
    </ClInclude>
    <ClInclude Include="PatchDlg.h">
      <Filter>MFCGui\Dialogs\Header Files</Filter>
    </ClInclude>
    <ClInclude Include="PluginsListDlg.h">
      <Filter>MFCGui\Dialogs\Header Files</Filter>
    </ClInclude>
    <ClInclude Include="Common\PreferencesDlg.h">
      <Filter>MFCGui\Dialogs\Header Files</Filter>
    </ClInclude>
    <ClInclude Include="SaveClosingDlg.h">
      <Filter>MFCGui\Dialogs\Header Files</Filter>
    </ClInclude>
    <ClInclude Include="SelectPluginDlg.h">
      <Filter>MFCGui\Dialogs\Header Files</Filter>
    </ClInclude>
    <ClInclude Include="SharedFilterDlg.h">
      <Filter>MFCGui\Dialogs\Header Files</Filter>
    </ClInclude>
    <ClInclude Include="TestFilterDlg.h">
      <Filter>MFCGui\Dialogs\Header Files</Filter>
    </ClInclude>
    <ClInclude Include="WMGotoDlg.h">
      <Filter>MFCGui\Dialogs\Header Files</Filter>
    </ClInclude>
    <ClInclude Include="PropArchive.h">
      <Filter>MFCGui\PropertyPages\Header Files</Filter>
    </ClInclude>
    <ClInclude Include="PropBackups.h">
      <Filter>MFCGui\PropertyPages\Header Files</Filter>
    </ClInclude>
    <ClInclude Include="PropCodepage.h">
      <Filter>MFCGui\PropertyPages\Header Files</Filter>
    </ClInclude>
    <ClInclude Include="PropCompare.h">
      <Filter>MFCGui\PropertyPages\Header Files</Filter>
    </ClInclude>
    <ClInclude Include="PropCompareBinary.h">
      <Filter>MFCGui\PropertyPages\Header Files</Filter>
    </ClInclude>
    <ClInclude Include="PropCompareFolder.h">
      <Filter>MFCGui\PropertyPages\Header Files</Filter>
    </ClInclude>
    <ClInclude Include="PropCompareImage.h">
      <Filter>MFCGui\PropertyPages\Header Files</Filter>
    </ClInclude>
    <ClInclude Include="PropDirColors.h">
      <Filter>MFCGui\PropertyPages\Header Files</Filter>
    </ClInclude>
    <ClInclude Include="PropEditor.h">
      <Filter>MFCGui\PropertyPages\Header Files</Filter>
    </ClInclude>
    <ClInclude Include="PropGeneral.h">
      <Filter>MFCGui\PropertyPages\Header Files</Filter>
    </ClInclude>
    <ClInclude Include="PropMarkerColors.h">
      <Filter>MFCGui\PropertyPages\Header Files</Filter>
    </ClInclude>
    <ClInclude Include="PropRegistry.h">
      <Filter>MFCGui\PropertyPages\Header Files</Filter>
    </ClInclude>
    <ClInclude Include="PropShell.h">
      <Filter>MFCGui\PropertyPages\Header Files</Filter>
    </ClInclude>
    <ClInclude Include="PropSyntaxColors.h">
      <Filter>MFCGui\PropertyPages\Header Files</Filter>
    </ClInclude>
    <ClInclude Include="PropTextColors.h">
      <Filter>MFCGui\PropertyPages\Header Files</Filter>
    </ClInclude>
    <ClInclude Include="Common\ClipBoard.h">
      <Filter>Common\Header Files</Filter>
    </ClInclude>
    <ClInclude Include="Common\coretools.h">
      <Filter>Common\Header Files</Filter>
    </ClInclude>
    <ClInclude Include="Common\lwdisp.h">
      <Filter>Common\Header Files</Filter>
    </ClInclude>
    <ClInclude Include="Common\ExConverter.h">
      <Filter>Common\Header Files</Filter>
    </ClInclude>
    <ClInclude Include="Common\UniFile.h">
      <Filter>Common\Header Files</Filter>
    </ClInclude>
    <ClInclude Include="Common\UnicodeString.h">
      <Filter>Common\Header Files</Filter>
    </ClInclude>
    <ClInclude Include="Common\unicoder.h">
      <Filter>Common\Header Files</Filter>
    </ClInclude>
    <ClInclude Include="Common\ShellFileOperations.h">
      <Filter>Common\Header Files</Filter>
    </ClInclude>
    <ClInclude Include="Common\RegOptionsMgr.h">
      <Filter>Common\Header Files</Filter>
    </ClInclude>
    <ClInclude Include="Common\RegKey.h">
      <Filter>Common\Header Files</Filter>
    </ClInclude>
    <ClInclude Include="Common\PidlContainer.h">
      <Filter>Common\Header Files</Filter>
    </ClInclude>
    <ClInclude Include="common\OptionsMgr.h">
      <Filter>Common\Header Files</Filter>
    </ClInclude>
    <ClInclude Include="Common\varprop.h">
      <Filter>Common\Header Files</Filter>
    </ClInclude>
    <ClInclude Include="Common\multiformatText.h">
      <Filter>Common\Header Files</Filter>
    </ClInclude>
    <ClInclude Include="Common\VersionInfo.h">
      <Filter>Common\Header Files</Filter>
    </ClInclude>
    <ClInclude Include="Common\ShellContextMenu.h">
      <Filter>Common\Header Files</Filter>
    </ClInclude>
    <ClInclude Include="xdiff_gnudiff_compat.h">
      <Filter>Header Files</Filter>
    </ClInclude>
    <ClInclude Include="MergeFrameCommon.h">
      <Filter>MFCGui\Header Files</Filter>
    </ClInclude>
    <ClInclude Include="DirSelectFilesDlg.h">
      <Filter>MFCGui\Dialogs\Header Files</Filter>
    </ClInclude>
    <ClInclude Include="WindowsManagerDialog.h">
      <Filter>MFCGui\Header Files</Filter>
    </ClInclude>
    <ClInclude Include="Concurrent.h">
      <Filter>Header Files</Filter>
    </ClInclude>
    <ClInclude Include="PropMergeColors.h">
      <Filter>MFCGui\PropertyPages\Header Files</Filter>
    </ClInclude>
    <ClInclude Include="PropColorSchemes.h">
      <Filter>MFCGui\PropertyPages\Header Files</Filter>
    </ClInclude>
    <ClInclude Include="PropCompareTable.h">
      <Filter>MFCGui\PropertyPages\Header Files</Filter>
    </ClInclude>
    <ClInclude Include="OpenTableDlg.h">
      <Filter>MFCGui\Dialogs\Header Files</Filter>
    </ClInclude>
    <ClInclude Include="WildcardDropList.h">
      <Filter>MFCGui\PropertyPages\Header Files</Filter>
    </ClInclude>
    <ClInclude Include="LineFiltersList.h">
      <Filter>Header Files</Filter>
    </ClInclude>
    <ClInclude Include="SubstitutionFiltersDlg.h">
      <Filter>MFCGui\Dialogs\Header Files</Filter>
    </ClInclude>
    <ClInclude Include="SubstitutionList.h">
      <Filter>Header Files</Filter>
    </ClInclude>
    <ClInclude Include="SubstitutionFiltersList.h">
      <Filter>Header Files</Filter>
    </ClInclude>
    <ClInclude Include="PropEditorSyntax.h">
      <Filter>MFCGui\PropertyPages\Header Files</Filter>
    </ClInclude>
    <ClInclude Include="OptionsEditorSyntax.h">
      <Filter>Header Files</Filter>
    </ClInclude>
    <ClInclude Include="Common\Shell.h">
      <Filter>Common\Header Files</Filter>
    </ClInclude>
    <ClInclude Include="Common\IniOptionsMgr.h">
      <Filter>Common\Header Files</Filter>
    </ClInclude>
    <ClInclude Include="WinMergePluginBase.h">
      <Filter>Header Files</Filter>
    </ClInclude>
  </ItemGroup>
  <ItemGroup>
    <None Include="res\binarydiff.ico">
      <Filter>Resource Files</Filter>
    </None>
    <None Include="res\both.bmp">
      <Filter>Resource Files</Filter>
    </None>
    <None Include="res\equalbinary.ico">
      <Filter>Resource Files</Filter>
    </None>
    <None Include="res\equalfile.ico">
      <Filter>Resource Files</Filter>
    </None>
    <None Include="res\error.ico">
      <Filter>Resource Files</Filter>
    </None>
    <None Include="res\fileskip.ico">
      <Filter>Resource Files</Filter>
    </None>
    <None Include="res\folder.ico">
      <Filter>Resource Files</Filter>
    </None>
    <None Include="res\folderskip.ico">
      <Filter>Resource Files</Filter>
    </None>
    <None Include="res\folderup.ico">
      <Filter>Resource Files</Filter>
    </None>
    <None Include="res\folderup_disable.ico">
      <Filter>Resource Files</Filter>
    </None>
    <None Include="res\hand.cur">
      <Filter>Resource Files</Filter>
    </None>
    <None Include="res\left.bmp">
      <Filter>Resource Files</Filter>
    </None>
    <None Include="res\left_to_browse.bmp">
      <Filter>Resource Files</Filter>
    </None>
    <None Include="res\left_to_right.bmp">
      <Filter>Resource Files</Filter>
    </None>
    <None Include="res\lfile.ico">
      <Filter>Resource Files</Filter>
    </None>
    <None Include="res\lfolder.ico">
      <Filter>Resource Files</Filter>
    </None>
    <None Include="res\Merge.ico">
      <Filter>Resource Files</Filter>
    </None>
    <None Include="res\Merge.rc2">
      <Filter>Resource Files</Filter>
    </None>
    <None Include="res\MergeDir.ico">
      <Filter>Resource Files</Filter>
    </None>
    <None Include="res\MergeDoc.ico">
      <Filter>Resource Files</Filter>
    </None>
    <None Include="res\MergeProject.ico">
      <Filter>Resource Files</Filter>
    </None>
    <None Include="res\mg_cur.cur">
      <Filter>Resource Files</Filter>
    </None>
    <None Include="res\move_left_to_browse.bmp">
      <Filter>Resource Files</Filter>
    </None>
    <None Include="res\move_right_to_browse.bmp">
      <Filter>Resource Files</Filter>
    </None>
    <None Include="res\notequalfile.ico">
      <Filter>Resource Files</Filter>
    </None>
    <None Include="res\rfile.ico">
      <Filter>Resource Files</Filter>
    </None>
    <None Include="res\rfolder.ico">
      <Filter>Resource Files</Filter>
    </None>
    <None Include="res\right.bmp">
      <Filter>Resource Files</Filter>
    </None>
    <None Include="res\right_to_browse.bmp">
      <Filter>Resource Files</Filter>
    </None>
    <None Include="res\right_to_left.bmp">
      <Filter>Resource Files</Filter>
    </None>
    <None Include="res\sigma.ico">
      <Filter>Resource Files</Filter>
    </None>
    <None Include="..\Docs\Users\ChangeLog.md">
      <Filter>ChangeLogs</Filter>
    </None>
  </ItemGroup>
  <ItemGroup>
    <ResourceCompile Include="Merge.rc">
      <Filter>MFCGui\Source Files</Filter>
    </ResourceCompile>
    <ResourceCompile Include="Merge2.rc">
      <Filter>Resource Files</Filter>
    </ResourceCompile>
  </ItemGroup>
</Project>